// !$*UTF8*$!
{
	archiveVersion = 1;
	classes = {
	};
	objectVersion = 51;
	objects = {

/* Begin PBXBuildFile section */
		01BAA9930ADC29B20EACB9F2 /* libPods-PeerGC.a in Frameworks */ = {isa = PBXBuildFile; fileRef = F97D04A0D7C7E63F30B2C2A7 /* libPods-PeerGC.a */; };
		23B9F656E073468D92CC9FEE /* libPods-PeerGCTests.a in Frameworks */ = {isa = PBXBuildFile; fileRef = B104F89C4B26144AF8926C9B /* libPods-PeerGCTests.a */; };
		6F359944F160F9D1CEB7985B /* libPods-PeerGC-PeerGCUITests.a in Frameworks */ = {isa = PBXBuildFile; fileRef = 6E395DD9BD6607AB9B897BFB /* libPods-PeerGC-PeerGCUITests.a */; };
		C700B14423EB647100816708 /* lastNames.txt in Resources */ = {isa = PBXBuildFile; fileRef = C700B13F23EB644400816708 /* lastNames.txt */; };
		C700B14623EB647100816708 /* zipCodesToValue.csv in Resources */ = {isa = PBXBuildFile; fileRef = C700B14123EB644F00816708 /* zipCodesToValue.csv */; };
		C700B14723EB647100816708 /* zipCodesToLocation.csv in Resources */ = {isa = PBXBuildFile; fileRef = C700B14223EB646800816708 /* zipCodesToLocation.csv */; };
		C700B14823EB647100816708 /* zipCodes.txt in Resources */ = {isa = PBXBuildFile; fileRef = C700B14323EB647100816708 /* zipCodes.txt */; };
		C700B15523EB650500816708 /* HomeViewController.swift in Sources */ = {isa = PBXBuildFile; fileRef = C700B15023EB64D800816708 /* HomeViewController.swift */; };
		C700B15623EB650500816708 /* AccountInfoViewController.swift in Sources */ = {isa = PBXBuildFile; fileRef = C700B15423EB650500816708 /* AccountInfoViewController.swift */; };
		C700B16E23EB6C9400816708 /* LexendDeca-Regular.ttf in Resources */ = {isa = PBXBuildFile; fileRef = C700B16C23EB692C00816708 /* LexendDeca-Regular.ttf */; };
		C72ED27024C909EE00419E74 /* CreatePasswordViewController.swift in Sources */ = {isa = PBXBuildFile; fileRef = C72ED26B24C909ED00419E74 /* CreatePasswordViewController.swift */; };
		C72ED27124C909EE00419E74 /* ResetPasswordViewController.swift in Sources */ = {isa = PBXBuildFile; fileRef = C72ED26C24C909ED00419E74 /* ResetPasswordViewController.swift */; };
		C72ED27224C909EE00419E74 /* EnterPasswordViewController.swift in Sources */ = {isa = PBXBuildFile; fileRef = C72ED26D24C909ED00419E74 /* EnterPasswordViewController.swift */; };
		C72ED27324C909EE00419E74 /* CreateNameViewController.swift in Sources */ = {isa = PBXBuildFile; fileRef = C72ED26E24C909ED00419E74 /* CreateNameViewController.swift */; };
		C72ED27424C909EE00419E74 /* EmailViewController.swift in Sources */ = {isa = PBXBuildFile; fileRef = C72ED26F24C909ED00419E74 /* EmailViewController.swift */; };
		C72ED27824C90A1600419E74 /* SpashScreenViewController.swift in Sources */ = {isa = PBXBuildFile; fileRef = C72ED27624C90A1600419E74 /* SpashScreenViewController.swift */; };
		C72ED27924C90A1600419E74 /* EntranceViewController.swift in Sources */ = {isa = PBXBuildFile; fileRef = C72ED27724C90A1600419E74 /* EntranceViewController.swift */; };
		C74133A924CBA08E003FC549 /* AccountTypeVC.swift in Sources */ = {isa = PBXBuildFile; fileRef = C74133A824CBA08E003FC549 /* AccountTypeVC.swift */; };
		C74133AB24CBA35C003FC549 /* ProfilePictureVC.swift in Sources */ = {isa = PBXBuildFile; fileRef = C74133AA24CBA35C003FC549 /* ProfilePictureVC.swift */; };
		C74133AD24CBA5F1003FC549 /* ZipCodeVC.swift in Sources */ = {isa = PBXBuildFile; fileRef = C74133AC24CBA5F1003FC549 /* ZipCodeVC.swift */; };
		C74133AF24CBA848003FC549 /* GenderVC.swift in Sources */ = {isa = PBXBuildFile; fileRef = C74133AE24CBA848003FC549 /* GenderVC.swift */; };
		C74133B124CBAA54003FC549 /* LGBTQVC.swift in Sources */ = {isa = PBXBuildFile; fileRef = C74133B024CBAA54003FC549 /* LGBTQVC.swift */; };
		C74133B324CBAAEF003FC549 /* RaceVC.swift in Sources */ = {isa = PBXBuildFile; fileRef = C74133B224CBAAEF003FC549 /* RaceVC.swift */; };
		C74133B524CBAC5C003FC549 /* FirstGenerationVC.swift in Sources */ = {isa = PBXBuildFile; fileRef = C74133B424CBAC5C003FC549 /* FirstGenerationVC.swift */; };
		C74133B724CBADFE003FC549 /* HighSchoolYearVC.swift in Sources */ = {isa = PBXBuildFile; fileRef = C74133B624CBADFE003FC549 /* HighSchoolYearVC.swift */; };
		C74133B924CBAEAE003FC549 /* CollegeYearVC.swift in Sources */ = {isa = PBXBuildFile; fileRef = C74133B824CBAEAE003FC549 /* CollegeYearVC.swift */; };
		C74133BB24CBAF4B003FC549 /* InterestVC.swift in Sources */ = {isa = PBXBuildFile; fileRef = C74133BA24CBAF4B003FC549 /* InterestVC.swift */; };
		C74133BD24CBAFF1003FC549 /* LookingForVC.swift in Sources */ = {isa = PBXBuildFile; fileRef = C74133BC24CBAFF1003FC549 /* LookingForVC.swift */; };
		C74133BF24CBB082003FC549 /* WhereInProcessVC.swift in Sources */ = {isa = PBXBuildFile; fileRef = C74133BE24CBB082003FC549 /* WhereInProcessVC.swift */; };
		C74133C124CBB141003FC549 /* FeelAboutApplyingVC.swift in Sources */ = {isa = PBXBuildFile; fileRef = C74133C024CBB141003FC549 /* FeelAboutApplyingVC.swift */; };
		C74133C324CBB1A8003FC549 /* KindOfCollegeVC.swift in Sources */ = {isa = PBXBuildFile; fileRef = C74133C224CBB1A8003FC549 /* KindOfCollegeVC.swift */; };
		C74133C724CBB226003FC549 /* WhyCollegeVC.swift in Sources */ = {isa = PBXBuildFile; fileRef = C74133C624CBB226003FC549 /* WhyCollegeVC.swift */; };
		C74133C924CBB299003FC549 /* FirstLanguageVC.swift in Sources */ = {isa = PBXBuildFile; fileRef = C74133C824CBB299003FC549 /* FirstLanguageVC.swift */; };
		C74133CB24CBB5DB003FC549 /* OtherFirstLanguageVC.swift in Sources */ = {isa = PBXBuildFile; fileRef = C74133CA24CBB5DB003FC549 /* OtherFirstLanguageVC.swift */; };
		C74133CE24CBBD19003FC549 /* MajorVC.swift in Sources */ = {isa = PBXBuildFile; fileRef = C74133CD24CBBD19003FC549 /* MajorVC.swift */; };
		C74133D024CBBDB4003FC549 /* HighSchoolGPAVC.swift in Sources */ = {isa = PBXBuildFile; fileRef = C74133CF24CBBDB4003FC549 /* HighSchoolGPAVC.swift */; };
		C74133D224CBBE2D003FC549 /* HighSchoolScoresVC.swift in Sources */ = {isa = PBXBuildFile; fileRef = C74133D124CBBE2D003FC549 /* HighSchoolScoresVC.swift */; };
		C74133D424CBBF67003FC549 /* SATScoreVC.swift in Sources */ = {isa = PBXBuildFile; fileRef = C74133D324CBBF67003FC549 /* SATScoreVC.swift */; };
		C74133D624CBC04E003FC549 /* ACTScoreVC.swift in Sources */ = {isa = PBXBuildFile; fileRef = C74133D524CBC04E003FC549 /* ACTScoreVC.swift */; };
		C74133D824CBC089003FC549 /* HelpMostVC.swift in Sources */ = {isa = PBXBuildFile; fileRef = C74133D724CBC089003FC549 /* HelpMostVC.swift */; };
		C74133DA24CBC142003FC549 /* WhyYourCollegeVC.swift in Sources */ = {isa = PBXBuildFile; fileRef = C74133D924CBC142003FC549 /* WhyYourCollegeVC.swift */; };
		C74133DC24CBC1B8003FC549 /* PostGradAspirationsVC.swift in Sources */ = {isa = PBXBuildFile; fileRef = C74133DB24CBC1B8003FC549 /* PostGradAspirationsVC.swift */; };
		C74133DE24CBC298003FC549 /* WhichStudentTypeVC.swift in Sources */ = {isa = PBXBuildFile; fileRef = C74133DD24CBC298003FC549 /* WhichStudentTypeVC.swift */; };
		C74133E024CBC336003FC549 /* WhichDegreeVC.swift in Sources */ = {isa = PBXBuildFile; fileRef = C74133DF24CBC336003FC549 /* WhichDegreeVC.swift */; };
		C74133E224CBC3FB003FC549 /* GenericStructureViewController.swift in Sources */ = {isa = PBXBuildFile; fileRef = C74133E124CBC3FB003FC549 /* GenericStructureViewController.swift */; };
		C74133E424CCBECF003FC549 /* MatchingVC.swift in Sources */ = {isa = PBXBuildFile; fileRef = C74133E324CCBECF003FC549 /* MatchingVC.swift */; };
		C74133E724CE2085003FC549 /* EmailVC.swift in Sources */ = {isa = PBXBuildFile; fileRef = C74133E624CE2085003FC549 /* EmailVC.swift */; };
		C7507C1824B26E7C007DB777 /* GoogleService-Info.plist in Resources */ = {isa = PBXBuildFile; fileRef = C7507C1724B26E7C007DB777 /* GoogleService-Info.plist */; };
		C75F3CFF23EB570700C7B5E5 /* Main.storyboard in Resources */ = {isa = PBXBuildFile; fileRef = C75F3CFD23EB570700C7B5E5 /* Main.storyboard */; };
		C75F3D0123EB570B00C7B5E5 /* Assets.xcassets in Resources */ = {isa = PBXBuildFile; fileRef = C75F3D0023EB570B00C7B5E5 /* Assets.xcassets */; };
		C75F3D0423EB570B00C7B5E5 /* LaunchScreen.storyboard in Resources */ = {isa = PBXBuildFile; fileRef = C75F3D0223EB570B00C7B5E5 /* LaunchScreen.storyboard */; };
		C75F3D0F23EB570B00C7B5E5 /* PeerGCTests.swift in Sources */ = {isa = PBXBuildFile; fileRef = C75F3D0E23EB570B00C7B5E5 /* PeerGCTests.swift */; };
		C75F3D1A23EB570B00C7B5E5 /* PeerGCUITests.swift in Sources */ = {isa = PBXBuildFile; fileRef = C75F3D1923EB570B00C7B5E5 /* PeerGCUITests.swift */; };
		C75F3D2B23EB58E300C7B5E5 /* AppDelegate.swift in Sources */ = {isa = PBXBuildFile; fileRef = C75F3D2923EB58DB00C7B5E5 /* AppDelegate.swift */; };
		C75F3D2C23EB58E300C7B5E5 /* SceneDelegate.swift in Sources */ = {isa = PBXBuildFile; fileRef = C75F3D2A23EB58E300C7B5E5 /* SceneDelegate.swift */; };
		C797D85F24AD99580060FFDB /* ChatViewController.swift in Sources */ = {isa = PBXBuildFile; fileRef = C797D85E24AD99580060FFDB /* ChatViewController.swift */; };
		C79ED2AE24AF151B00DC5239 /* UIButtonExtension.swift in Sources */ = {isa = PBXBuildFile; fileRef = C79ED2AD24AF151B00DC5239 /* UIButtonExtension.swift */; };
		C7B0D1B2249B1BD700476FB1 /* firstNames.txt in Resources */ = {isa = PBXBuildFile; fileRef = C7B0D1B1249B1BD700476FB1 /* firstNames.txt */; };
		C7CC452423EB5AE300A086D7 /* UITextField+Extensions.swift in Sources */ = {isa = PBXBuildFile; fileRef = C7CC452123EB5ACC00A086D7 /* UITextField+Extensions.swift */; };
		C7CC452523EB5AE300A086D7 /* Customizables.swift in Sources */ = {isa = PBXBuildFile; fileRef = C7CC452223EB5AD600A086D7 /* Customizables.swift */; };
		C7CC452623EB5AE300A086D7 /* Utilities.swift in Sources */ = {isa = PBXBuildFile; fileRef = C7CC452323EB5AE200A086D7 /* Utilities.swift */; };
		C7DEBBBF24D60D0D00E4E465 /* DatabaseParseSheet.csv in Resources */ = {isa = PBXBuildFile; fileRef = C7DEBBBE24D60D0D00E4E465 /* DatabaseParseSheet.csv */; };
		C7DEBBC124D6172200E4E465 /* DatabaseSheetParser.swift in Sources */ = {isa = PBXBuildFile; fileRef = C7DEBBC024D6172200E4E465 /* DatabaseSheetParser.swift */; };
		C7DEBBC324D657E900E4E465 /* ProfileVC.swift in Sources */ = {isa = PBXBuildFile; fileRef = C7DEBBC224D657E900E4E465 /* ProfileVC.swift */; };
		C7DEBBC724D7640F00E4E465 /* DatabaseValue.swift in Sources */ = {isa = PBXBuildFile; fileRef = C7DEBBC624D7640F00E4E465 /* DatabaseValue.swift */; };
		C7DEBBC924D76D3800E4E465 /* DatabaseKey.swift in Sources */ = {isa = PBXBuildFile; fileRef = C7DEBBC824D76D3800E4E465 /* DatabaseKey.swift */; };
		C7DEBBCB24D7E7AA00E4E465 /* CollegeNameVC.swift in Sources */ = {isa = PBXBuildFile; fileRef = C7DEBBCA24D7E7AA00E4E465 /* CollegeNameVC.swift */; };
		C7DEBBCD24D7EA4400E4E465 /* WhyYouBeCounselorVC.swift in Sources */ = {isa = PBXBuildFile; fileRef = C7DEBBCC24D7EA4400E4E465 /* WhyYouBeCounselorVC.swift */; };
/* End PBXBuildFile section */

/* Begin PBXContainerItemProxy section */
		C75F3D0B23EB570B00C7B5E5 /* PBXContainerItemProxy */ = {
			isa = PBXContainerItemProxy;
			containerPortal = C75F3CEC23EB570700C7B5E5 /* Project object */;
			proxyType = 1;
			remoteGlobalIDString = C75F3CF323EB570700C7B5E5;
			remoteInfo = PeerGC;
		};
		C75F3D1623EB570B00C7B5E5 /* PBXContainerItemProxy */ = {
			isa = PBXContainerItemProxy;
			containerPortal = C75F3CEC23EB570700C7B5E5 /* Project object */;
			proxyType = 1;
			remoteGlobalIDString = C75F3CF323EB570700C7B5E5;
			remoteInfo = PeerGC;
		};
/* End PBXContainerItemProxy section */

/* Begin PBXFileReference section */
		49921BD2B29DBC14F6790BC6 /* Pods-PeerGC.debug.xcconfig */ = {isa = PBXFileReference; includeInIndex = 1; lastKnownFileType = text.xcconfig; name = "Pods-PeerGC.debug.xcconfig"; path = "Target Support Files/Pods-PeerGC/Pods-PeerGC.debug.xcconfig"; sourceTree = "<group>"; };
		65AEC330E6237597A40E0BD2 /* Pods-PeerGC-PeerGCUITests.release.xcconfig */ = {isa = PBXFileReference; includeInIndex = 1; lastKnownFileType = text.xcconfig; name = "Pods-PeerGC-PeerGCUITests.release.xcconfig"; path = "Target Support Files/Pods-PeerGC-PeerGCUITests/Pods-PeerGC-PeerGCUITests.release.xcconfig"; sourceTree = "<group>"; };
		6E395DD9BD6607AB9B897BFB /* libPods-PeerGC-PeerGCUITests.a */ = {isa = PBXFileReference; explicitFileType = archive.ar; includeInIndex = 0; path = "libPods-PeerGC-PeerGCUITests.a"; sourceTree = BUILT_PRODUCTS_DIR; };
		80B265D7E21E0C267756D6DA /* Pods-PeerGCTests.release.xcconfig */ = {isa = PBXFileReference; includeInIndex = 1; lastKnownFileType = text.xcconfig; name = "Pods-PeerGCTests.release.xcconfig"; path = "Target Support Files/Pods-PeerGCTests/Pods-PeerGCTests.release.xcconfig"; sourceTree = "<group>"; };
		985E5885019662C5097B8665 /* Pods-PeerGCTests.debug.xcconfig */ = {isa = PBXFileReference; includeInIndex = 1; lastKnownFileType = text.xcconfig; name = "Pods-PeerGCTests.debug.xcconfig"; path = "Target Support Files/Pods-PeerGCTests/Pods-PeerGCTests.debug.xcconfig"; sourceTree = "<group>"; };
		B104F89C4B26144AF8926C9B /* libPods-PeerGCTests.a */ = {isa = PBXFileReference; explicitFileType = archive.ar; includeInIndex = 0; path = "libPods-PeerGCTests.a"; sourceTree = BUILT_PRODUCTS_DIR; };
		B40359D8C9521AD0C6D97F99 /* Pods-PeerGC.release.xcconfig */ = {isa = PBXFileReference; includeInIndex = 1; lastKnownFileType = text.xcconfig; name = "Pods-PeerGC.release.xcconfig"; path = "Target Support Files/Pods-PeerGC/Pods-PeerGC.release.xcconfig"; sourceTree = "<group>"; };
		C700B13F23EB644400816708 /* lastNames.txt */ = {isa = PBXFileReference; fileEncoding = 4; lastKnownFileType = text; path = lastNames.txt; sourceTree = "<group>"; };
		C700B14123EB644F00816708 /* zipCodesToValue.csv */ = {isa = PBXFileReference; fileEncoding = 4; lastKnownFileType = text; path = zipCodesToValue.csv; sourceTree = "<group>"; };
		C700B14223EB646800816708 /* zipCodesToLocation.csv */ = {isa = PBXFileReference; fileEncoding = 4; lastKnownFileType = text; path = zipCodesToLocation.csv; sourceTree = "<group>"; };
		C700B14323EB647100816708 /* zipCodes.txt */ = {isa = PBXFileReference; fileEncoding = 4; lastKnownFileType = text; path = zipCodes.txt; sourceTree = "<group>"; };
		C700B15023EB64D800816708 /* HomeViewController.swift */ = {isa = PBXFileReference; fileEncoding = 4; lastKnownFileType = sourcecode.swift; path = HomeViewController.swift; sourceTree = "<group>"; };
		C700B15423EB650500816708 /* AccountInfoViewController.swift */ = {isa = PBXFileReference; fileEncoding = 4; lastKnownFileType = sourcecode.swift; path = AccountInfoViewController.swift; sourceTree = "<group>"; };
		C700B16C23EB692C00816708 /* LexendDeca-Regular.ttf */ = {isa = PBXFileReference; lastKnownFileType = file; path = "LexendDeca-Regular.ttf"; sourceTree = "<group>"; };
		C72ED26B24C909ED00419E74 /* CreatePasswordViewController.swift */ = {isa = PBXFileReference; fileEncoding = 4; lastKnownFileType = sourcecode.swift; path = CreatePasswordViewController.swift; sourceTree = "<group>"; };
		C72ED26C24C909ED00419E74 /* ResetPasswordViewController.swift */ = {isa = PBXFileReference; fileEncoding = 4; lastKnownFileType = sourcecode.swift; path = ResetPasswordViewController.swift; sourceTree = "<group>"; };
		C72ED26D24C909ED00419E74 /* EnterPasswordViewController.swift */ = {isa = PBXFileReference; fileEncoding = 4; lastKnownFileType = sourcecode.swift; path = EnterPasswordViewController.swift; sourceTree = "<group>"; };
		C72ED26E24C909ED00419E74 /* CreateNameViewController.swift */ = {isa = PBXFileReference; fileEncoding = 4; lastKnownFileType = sourcecode.swift; path = CreateNameViewController.swift; sourceTree = "<group>"; };
		C72ED26F24C909ED00419E74 /* EmailViewController.swift */ = {isa = PBXFileReference; fileEncoding = 4; lastKnownFileType = sourcecode.swift; path = EmailViewController.swift; sourceTree = "<group>"; };
		C72ED27624C90A1600419E74 /* SpashScreenViewController.swift */ = {isa = PBXFileReference; fileEncoding = 4; lastKnownFileType = sourcecode.swift; path = SpashScreenViewController.swift; sourceTree = "<group>"; };
		C72ED27724C90A1600419E74 /* EntranceViewController.swift */ = {isa = PBXFileReference; fileEncoding = 4; lastKnownFileType = sourcecode.swift; path = EntranceViewController.swift; sourceTree = "<group>"; };
		C74133A824CBA08E003FC549 /* AccountTypeVC.swift */ = {isa = PBXFileReference; lastKnownFileType = sourcecode.swift; path = AccountTypeVC.swift; sourceTree = "<group>"; };
		C74133AA24CBA35C003FC549 /* ProfilePictureVC.swift */ = {isa = PBXFileReference; lastKnownFileType = sourcecode.swift; path = ProfilePictureVC.swift; sourceTree = "<group>"; };
		C74133AC24CBA5F1003FC549 /* ZipCodeVC.swift */ = {isa = PBXFileReference; lastKnownFileType = sourcecode.swift; path = ZipCodeVC.swift; sourceTree = "<group>"; };
		C74133AE24CBA848003FC549 /* GenderVC.swift */ = {isa = PBXFileReference; lastKnownFileType = sourcecode.swift; path = GenderVC.swift; sourceTree = "<group>"; };
		C74133B024CBAA54003FC549 /* LGBTQVC.swift */ = {isa = PBXFileReference; lastKnownFileType = sourcecode.swift; path = LGBTQVC.swift; sourceTree = "<group>"; };
		C74133B224CBAAEF003FC549 /* RaceVC.swift */ = {isa = PBXFileReference; lastKnownFileType = sourcecode.swift; path = RaceVC.swift; sourceTree = "<group>"; };
		C74133B424CBAC5C003FC549 /* FirstGenerationVC.swift */ = {isa = PBXFileReference; lastKnownFileType = sourcecode.swift; path = FirstGenerationVC.swift; sourceTree = "<group>"; };
		C74133B624CBADFE003FC549 /* HighSchoolYearVC.swift */ = {isa = PBXFileReference; lastKnownFileType = sourcecode.swift; path = HighSchoolYearVC.swift; sourceTree = "<group>"; };
		C74133B824CBAEAE003FC549 /* CollegeYearVC.swift */ = {isa = PBXFileReference; lastKnownFileType = sourcecode.swift; path = CollegeYearVC.swift; sourceTree = "<group>"; };
		C74133BA24CBAF4B003FC549 /* InterestVC.swift */ = {isa = PBXFileReference; lastKnownFileType = sourcecode.swift; path = InterestVC.swift; sourceTree = "<group>"; };
		C74133BC24CBAFF1003FC549 /* LookingForVC.swift */ = {isa = PBXFileReference; lastKnownFileType = sourcecode.swift; path = LookingForVC.swift; sourceTree = "<group>"; };
		C74133BE24CBB082003FC549 /* WhereInProcessVC.swift */ = {isa = PBXFileReference; lastKnownFileType = sourcecode.swift; path = WhereInProcessVC.swift; sourceTree = "<group>"; };
		C74133C024CBB141003FC549 /* FeelAboutApplyingVC.swift */ = {isa = PBXFileReference; lastKnownFileType = sourcecode.swift; path = FeelAboutApplyingVC.swift; sourceTree = "<group>"; };
		C74133C224CBB1A8003FC549 /* KindOfCollegeVC.swift */ = {isa = PBXFileReference; lastKnownFileType = sourcecode.swift; path = KindOfCollegeVC.swift; sourceTree = "<group>"; };
		C74133C624CBB226003FC549 /* WhyCollegeVC.swift */ = {isa = PBXFileReference; lastKnownFileType = sourcecode.swift; path = WhyCollegeVC.swift; sourceTree = "<group>"; };
		C74133C824CBB299003FC549 /* FirstLanguageVC.swift */ = {isa = PBXFileReference; lastKnownFileType = sourcecode.swift; path = FirstLanguageVC.swift; sourceTree = "<group>"; };
		C74133CA24CBB5DB003FC549 /* OtherFirstLanguageVC.swift */ = {isa = PBXFileReference; lastKnownFileType = sourcecode.swift; path = OtherFirstLanguageVC.swift; sourceTree = "<group>"; };
		C74133CD24CBBD19003FC549 /* MajorVC.swift */ = {isa = PBXFileReference; lastKnownFileType = sourcecode.swift; path = MajorVC.swift; sourceTree = "<group>"; };
		C74133CF24CBBDB4003FC549 /* HighSchoolGPAVC.swift */ = {isa = PBXFileReference; lastKnownFileType = sourcecode.swift; path = HighSchoolGPAVC.swift; sourceTree = "<group>"; };
		C74133D124CBBE2D003FC549 /* HighSchoolScoresVC.swift */ = {isa = PBXFileReference; lastKnownFileType = sourcecode.swift; path = HighSchoolScoresVC.swift; sourceTree = "<group>"; };
		C74133D324CBBF67003FC549 /* SATScoreVC.swift */ = {isa = PBXFileReference; lastKnownFileType = sourcecode.swift; path = SATScoreVC.swift; sourceTree = "<group>"; };
		C74133D524CBC04E003FC549 /* ACTScoreVC.swift */ = {isa = PBXFileReference; lastKnownFileType = sourcecode.swift; path = ACTScoreVC.swift; sourceTree = "<group>"; };
		C74133D724CBC089003FC549 /* HelpMostVC.swift */ = {isa = PBXFileReference; lastKnownFileType = sourcecode.swift; path = HelpMostVC.swift; sourceTree = "<group>"; };
		C74133D924CBC142003FC549 /* WhyYourCollegeVC.swift */ = {isa = PBXFileReference; lastKnownFileType = sourcecode.swift; path = WhyYourCollegeVC.swift; sourceTree = "<group>"; };
		C74133DB24CBC1B8003FC549 /* PostGradAspirationsVC.swift */ = {isa = PBXFileReference; lastKnownFileType = sourcecode.swift; path = PostGradAspirationsVC.swift; sourceTree = "<group>"; };
		C74133DD24CBC298003FC549 /* WhichStudentTypeVC.swift */ = {isa = PBXFileReference; lastKnownFileType = sourcecode.swift; path = WhichStudentTypeVC.swift; sourceTree = "<group>"; };
		C74133DF24CBC336003FC549 /* WhichDegreeVC.swift */ = {isa = PBXFileReference; lastKnownFileType = sourcecode.swift; path = WhichDegreeVC.swift; sourceTree = "<group>"; };
		C74133E124CBC3FB003FC549 /* GenericStructureViewController.swift */ = {isa = PBXFileReference; fileEncoding = 4; lastKnownFileType = sourcecode.swift; path = GenericStructureViewController.swift; sourceTree = "<group>"; };
		C74133E324CCBECF003FC549 /* MatchingVC.swift */ = {isa = PBXFileReference; lastKnownFileType = sourcecode.swift; path = MatchingVC.swift; sourceTree = "<group>"; };
		C74133E624CE2085003FC549 /* EmailVC.swift */ = {isa = PBXFileReference; lastKnownFileType = sourcecode.swift; path = EmailVC.swift; sourceTree = "<group>"; };
		C7507C1724B26E7C007DB777 /* GoogleService-Info.plist */ = {isa = PBXFileReference; fileEncoding = 4; lastKnownFileType = text.plist.xml; path = "GoogleService-Info.plist"; sourceTree = "<group>"; };
		C75F3CF423EB570700C7B5E5 /* PeerGC.app */ = {isa = PBXFileReference; explicitFileType = wrapper.application; includeInIndex = 0; path = PeerGC.app; sourceTree = BUILT_PRODUCTS_DIR; };
		C75F3CFE23EB570700C7B5E5 /* Base */ = {isa = PBXFileReference; lastKnownFileType = file.storyboard; name = Base; path = Base.lproj/Main.storyboard; sourceTree = "<group>"; };
		C75F3D0023EB570B00C7B5E5 /* Assets.xcassets */ = {isa = PBXFileReference; lastKnownFileType = folder.assetcatalog; path = Assets.xcassets; sourceTree = "<group>"; };
		C75F3D0323EB570B00C7B5E5 /* Base */ = {isa = PBXFileReference; lastKnownFileType = file.storyboard; name = Base; path = Base.lproj/LaunchScreen.storyboard; sourceTree = "<group>"; };
		C75F3D0523EB570B00C7B5E5 /* Info.plist */ = {isa = PBXFileReference; lastKnownFileType = text.plist.xml; path = Info.plist; sourceTree = "<group>"; };
		C75F3D0A23EB570B00C7B5E5 /* PeerGCTests.xctest */ = {isa = PBXFileReference; explicitFileType = wrapper.cfbundle; includeInIndex = 0; path = PeerGCTests.xctest; sourceTree = BUILT_PRODUCTS_DIR; };
		C75F3D0E23EB570B00C7B5E5 /* PeerGCTests.swift */ = {isa = PBXFileReference; lastKnownFileType = sourcecode.swift; path = PeerGCTests.swift; sourceTree = "<group>"; };
		C75F3D1023EB570B00C7B5E5 /* Info.plist */ = {isa = PBXFileReference; lastKnownFileType = text.plist.xml; path = Info.plist; sourceTree = "<group>"; };
		C75F3D1523EB570B00C7B5E5 /* PeerGCUITests.xctest */ = {isa = PBXFileReference; explicitFileType = wrapper.cfbundle; includeInIndex = 0; path = PeerGCUITests.xctest; sourceTree = BUILT_PRODUCTS_DIR; };
		C75F3D1923EB570B00C7B5E5 /* PeerGCUITests.swift */ = {isa = PBXFileReference; lastKnownFileType = sourcecode.swift; path = PeerGCUITests.swift; sourceTree = "<group>"; };
		C75F3D1B23EB570B00C7B5E5 /* Info.plist */ = {isa = PBXFileReference; lastKnownFileType = text.plist.xml; path = Info.plist; sourceTree = "<group>"; };
		C75F3D2923EB58DB00C7B5E5 /* AppDelegate.swift */ = {isa = PBXFileReference; fileEncoding = 4; lastKnownFileType = sourcecode.swift; path = AppDelegate.swift; sourceTree = "<group>"; };
		C75F3D2A23EB58E300C7B5E5 /* SceneDelegate.swift */ = {isa = PBXFileReference; fileEncoding = 4; lastKnownFileType = sourcecode.swift; path = SceneDelegate.swift; sourceTree = "<group>"; };
		C791D8BA24AA825B00358EB8 /* PeerGC.entitlements */ = {isa = PBXFileReference; lastKnownFileType = text.plist.entitlements; path = PeerGC.entitlements; sourceTree = "<group>"; };
		C791D8BB24AA8DAF00358EB8 /* firstNames.txt */ = {isa = PBXFileReference; fileEncoding = 4; lastKnownFileType = text; path = firstNames.txt; sourceTree = "<group>"; };
		C797D85E24AD99580060FFDB /* ChatViewController.swift */ = {isa = PBXFileReference; lastKnownFileType = sourcecode.swift; path = ChatViewController.swift; sourceTree = "<group>"; };
		C79ED2AD24AF151B00DC5239 /* UIButtonExtension.swift */ = {isa = PBXFileReference; fileEncoding = 4; lastKnownFileType = sourcecode.swift; path = UIButtonExtension.swift; sourceTree = "<group>"; };
		C7B0D1B1249B1BD700476FB1 /* firstNames.txt */ = {isa = PBXFileReference; lastKnownFileType = text; name = firstNames.txt; path = PeerGC/Utilities/Resources/firstNames.txt; sourceTree = "<group>"; };
		C7CC452123EB5ACC00A086D7 /* UITextField+Extensions.swift */ = {isa = PBXFileReference; fileEncoding = 4; lastKnownFileType = sourcecode.swift; path = "UITextField+Extensions.swift"; sourceTree = "<group>"; };
		C7CC452223EB5AD600A086D7 /* Customizables.swift */ = {isa = PBXFileReference; fileEncoding = 4; lastKnownFileType = sourcecode.swift; path = Customizables.swift; sourceTree = "<group>"; };
		C7CC452323EB5AE200A086D7 /* Utilities.swift */ = {isa = PBXFileReference; fileEncoding = 4; lastKnownFileType = sourcecode.swift; path = Utilities.swift; sourceTree = "<group>"; };
		C7DEBBBE24D60D0D00E4E465 /* DatabaseParseSheet.csv */ = {isa = PBXFileReference; lastKnownFileType = text; path = DatabaseParseSheet.csv; sourceTree = "<group>"; };
		C7DEBBC024D6172200E4E465 /* DatabaseSheetParser.swift */ = {isa = PBXFileReference; lastKnownFileType = sourcecode.swift; path = DatabaseSheetParser.swift; sourceTree = "<group>"; };
		C7DEBBC224D657E900E4E465 /* ProfileVC.swift */ = {isa = PBXFileReference; lastKnownFileType = sourcecode.swift; path = ProfileVC.swift; sourceTree = "<group>"; };
		C7DEBBC624D7640F00E4E465 /* DatabaseValue.swift */ = {isa = PBXFileReference; lastKnownFileType = sourcecode.swift; path = DatabaseValue.swift; sourceTree = "<group>"; };
		C7DEBBC824D76D3800E4E465 /* DatabaseKey.swift */ = {isa = PBXFileReference; lastKnownFileType = sourcecode.swift; path = DatabaseKey.swift; sourceTree = "<group>"; };
		C7DEBBCA24D7E7AA00E4E465 /* CollegeNameVC.swift */ = {isa = PBXFileReference; lastKnownFileType = sourcecode.swift; path = CollegeNameVC.swift; sourceTree = "<group>"; };
		C7DEBBCC24D7EA4400E4E465 /* WhyYouBeCounselorVC.swift */ = {isa = PBXFileReference; lastKnownFileType = sourcecode.swift; path = WhyYouBeCounselorVC.swift; sourceTree = "<group>"; };
		D060C30285A1C656AB43864B /* Pods-PeerGC-PeerGCUITests.debug.xcconfig */ = {isa = PBXFileReference; includeInIndex = 1; lastKnownFileType = text.xcconfig; name = "Pods-PeerGC-PeerGCUITests.debug.xcconfig"; path = "Target Support Files/Pods-PeerGC-PeerGCUITests/Pods-PeerGC-PeerGCUITests.debug.xcconfig"; sourceTree = "<group>"; };
		F97D04A0D7C7E63F30B2C2A7 /* libPods-PeerGC.a */ = {isa = PBXFileReference; explicitFileType = archive.ar; includeInIndex = 0; path = "libPods-PeerGC.a"; sourceTree = BUILT_PRODUCTS_DIR; };
/* End PBXFileReference section */

/* Begin PBXFrameworksBuildPhase section */
		C75F3CF123EB570700C7B5E5 /* Frameworks */ = {
			isa = PBXFrameworksBuildPhase;
			buildActionMask = 2147483647;
			files = (
				01BAA9930ADC29B20EACB9F2 /* libPods-PeerGC.a in Frameworks */,
			);
			runOnlyForDeploymentPostprocessing = 0;
		};
		C75F3D0723EB570B00C7B5E5 /* Frameworks */ = {
			isa = PBXFrameworksBuildPhase;
			buildActionMask = 2147483647;
			files = (
				23B9F656E073468D92CC9FEE /* libPods-PeerGCTests.a in Frameworks */,
			);
			runOnlyForDeploymentPostprocessing = 0;
		};
		C75F3D1223EB570B00C7B5E5 /* Frameworks */ = {
			isa = PBXFrameworksBuildPhase;
			buildActionMask = 2147483647;
			files = (
				6F359944F160F9D1CEB7985B /* libPods-PeerGC-PeerGCUITests.a in Frameworks */,
			);
			runOnlyForDeploymentPostprocessing = 0;
		};
/* End PBXFrameworksBuildPhase section */

/* Begin PBXGroup section */
		5DE275F85833841A72AC1B29 /* Pods */ = {
			isa = PBXGroup;
			children = (
				49921BD2B29DBC14F6790BC6 /* Pods-PeerGC.debug.xcconfig */,
				B40359D8C9521AD0C6D97F99 /* Pods-PeerGC.release.xcconfig */,
				D060C30285A1C656AB43864B /* Pods-PeerGC-PeerGCUITests.debug.xcconfig */,
				65AEC330E6237597A40E0BD2 /* Pods-PeerGC-PeerGCUITests.release.xcconfig */,
				985E5885019662C5097B8665 /* Pods-PeerGCTests.debug.xcconfig */,
				80B265D7E21E0C267756D6DA /* Pods-PeerGCTests.release.xcconfig */,
			);
			path = Pods;
			sourceTree = "<group>";
		};
		C700B13E23EB644400816708 /* View Controllers */ = {
			isa = PBXGroup;
			children = (
				C74133E524CE2018003FC549 /* Email Flow */,
				C74133A424CBA014003FC549 /* Questions Flow */,
				C72ED27524C909FF00419E74 /* Splash Flow */,
				C72ED26024C9098200419E74 /* Email Flow [old] */,
				C700B14B23EB649100816708 /* Home Flow */,
			);
			path = "View Controllers";
			sourceTree = "<group>";
		};
		C700B14B23EB649100816708 /* Home Flow */ = {
			isa = PBXGroup;
			children = (
				C700B15423EB650500816708 /* AccountInfoViewController.swift */,
				C700B15023EB64D800816708 /* HomeViewController.swift */,
				C797D85E24AD99580060FFDB /* ChatViewController.swift */,
				C7DEBBC224D657E900E4E465 /* ProfileVC.swift */,
			);
			path = "Home Flow";
			sourceTree = "<group>";
		};
		C700B16D23EB696000816708 /* Storyboards */ = {
			isa = PBXGroup;
			children = (
				C75F3D0223EB570B00C7B5E5 /* LaunchScreen.storyboard */,
				C75F3CFD23EB570700C7B5E5 /* Main.storyboard */,
			);
			name = Storyboards;
			sourceTree = "<group>";
		};
		C72ED26024C9098200419E74 /* Email Flow [old] */ = {
			isa = PBXGroup;
			children = (
				C72ED26E24C909ED00419E74 /* CreateNameViewController.swift */,
				C72ED26B24C909ED00419E74 /* CreatePasswordViewController.swift */,
				C72ED26F24C909ED00419E74 /* EmailViewController.swift */,
				C72ED26D24C909ED00419E74 /* EnterPasswordViewController.swift */,
				C72ED26C24C909ED00419E74 /* ResetPasswordViewController.swift */,
			);
			path = "Email Flow [old]";
			sourceTree = "<group>";
		};
		C72ED27524C909FF00419E74 /* Splash Flow */ = {
			isa = PBXGroup;
			children = (
				C72ED27724C90A1600419E74 /* EntranceViewController.swift */,
				C72ED27624C90A1600419E74 /* SpashScreenViewController.swift */,
			);
			path = "Splash Flow";
			sourceTree = "<group>";
		};
		C74133A424CBA014003FC549 /* Questions Flow */ = {
			isa = PBXGroup;
			children = (
				C74133E124CBC3FB003FC549 /* GenericStructureViewController.swift */,
				C74133A724CBA03D003FC549 /* Student Questions */,
				C74133A624CBA033003FC549 /* Mentor Questions */,
				C74133A524CBA023003FC549 /* Shared Questions */,
				C74133E324CCBECF003FC549 /* MatchingVC.swift */,
			);
			path = "Questions Flow";
			sourceTree = "<group>";
		};
		C74133A524CBA023003FC549 /* Shared Questions */ = {
			isa = PBXGroup;
			children = (
				C74133A824CBA08E003FC549 /* AccountTypeVC.swift */,
				C74133AA24CBA35C003FC549 /* ProfilePictureVC.swift */,
				C74133AC24CBA5F1003FC549 /* ZipCodeVC.swift */,
				C74133AE24CBA848003FC549 /* GenderVC.swift */,
				C74133B024CBAA54003FC549 /* LGBTQVC.swift */,
				C74133B224CBAAEF003FC549 /* RaceVC.swift */,
				C74133B424CBAC5C003FC549 /* FirstGenerationVC.swift */,
				C74133C824CBB299003FC549 /* FirstLanguageVC.swift */,
				C74133CA24CBB5DB003FC549 /* OtherFirstLanguageVC.swift */,
			);
			path = "Shared Questions";
			sourceTree = "<group>";
		};
		C74133A624CBA033003FC549 /* Mentor Questions */ = {
			isa = PBXGroup;
			children = (
				C74133B824CBAEAE003FC549 /* CollegeYearVC.swift */,
				C7DEBBCA24D7E7AA00E4E465 /* CollegeNameVC.swift */,
				C74133CD24CBBD19003FC549 /* MajorVC.swift */,
				C74133CF24CBBDB4003FC549 /* HighSchoolGPAVC.swift */,
				C74133D124CBBE2D003FC549 /* HighSchoolScoresVC.swift */,
				C74133D324CBBF67003FC549 /* SATScoreVC.swift */,
				C74133D524CBC04E003FC549 /* ACTScoreVC.swift */,
				C74133D724CBC089003FC549 /* HelpMostVC.swift */,
				C74133D924CBC142003FC549 /* WhyYourCollegeVC.swift */,
				C74133DB24CBC1B8003FC549 /* PostGradAspirationsVC.swift */,
				C7DEBBCC24D7EA4400E4E465 /* WhyYouBeCounselorVC.swift */,
				C74133DD24CBC298003FC549 /* WhichStudentTypeVC.swift */,
				C74133DF24CBC336003FC549 /* WhichDegreeVC.swift */,
			);
			path = "Mentor Questions";
			sourceTree = "<group>";
		};
		C74133A724CBA03D003FC549 /* Student Questions */ = {
			isa = PBXGroup;
			children = (
				C74133B624CBADFE003FC549 /* HighSchoolYearVC.swift */,
				C74133BA24CBAF4B003FC549 /* InterestVC.swift */,
				C74133BC24CBAFF1003FC549 /* LookingForVC.swift */,
				C74133BE24CBB082003FC549 /* WhereInProcessVC.swift */,
				C74133C024CBB141003FC549 /* FeelAboutApplyingVC.swift */,
				C74133C224CBB1A8003FC549 /* KindOfCollegeVC.swift */,
				C74133C624CBB226003FC549 /* WhyCollegeVC.swift */,
			);
			path = "Student Questions";
			sourceTree = "<group>";
		};
		C74133E524CE2018003FC549 /* Email Flow */ = {
			isa = PBXGroup;
			children = (
				C74133E624CE2085003FC549 /* EmailVC.swift */,
			);
			path = "Email Flow";
			sourceTree = "<group>";
		};
		C75F3CEB23EB570700C7B5E5 = {
			isa = PBXGroup;
			children = (
				C7B0D1B1249B1BD700476FB1 /* firstNames.txt */,
				C75F3CF623EB570700C7B5E5 /* PeerGC */,
				C75F3D0D23EB570B00C7B5E5 /* PeerGCTests */,
				C75F3D1823EB570B00C7B5E5 /* PeerGCUITests */,
				C75F3CF523EB570700C7B5E5 /* Products */,
				5DE275F85833841A72AC1B29 /* Pods */,
				E0B64F441825A129476ED08F /* Frameworks */,
			);
			sourceTree = "<group>";
		};
		C75F3CF523EB570700C7B5E5 /* Products */ = {
			isa = PBXGroup;
			children = (
				C75F3CF423EB570700C7B5E5 /* PeerGC.app */,
				C75F3D0A23EB570B00C7B5E5 /* PeerGCTests.xctest */,
				C75F3D1523EB570B00C7B5E5 /* PeerGCUITests.xctest */,
			);
			name = Products;
			sourceTree = "<group>";
		};
		C75F3CF623EB570700C7B5E5 /* PeerGC */ = {
			isa = PBXGroup;
			children = (
				C791D8BA24AA825B00358EB8 /* PeerGC.entitlements */,
				C700B16D23EB696000816708 /* Storyboards */,
				C75F3D0023EB570B00C7B5E5 /* Assets.xcassets */,
				C75F3D2823EB588E00C7B5E5 /* Default Delegates */,
				C7CC451E23EB5A9D00A086D7 /* Utilities */,
				C7CC451B23EB5A7200A086D7 /* Info */,
				C700B13E23EB644400816708 /* View Controllers */,
			);
			path = PeerGC;
			sourceTree = "<group>";
		};
		C75F3D0D23EB570B00C7B5E5 /* PeerGCTests */ = {
			isa = PBXGroup;
			children = (
				C75F3D0E23EB570B00C7B5E5 /* PeerGCTests.swift */,
				C75F3D1023EB570B00C7B5E5 /* Info.plist */,
			);
			path = PeerGCTests;
			sourceTree = "<group>";
		};
		C75F3D1823EB570B00C7B5E5 /* PeerGCUITests */ = {
			isa = PBXGroup;
			children = (
				C75F3D1923EB570B00C7B5E5 /* PeerGCUITests.swift */,
				C75F3D1B23EB570B00C7B5E5 /* Info.plist */,
			);
			path = PeerGCUITests;
			sourceTree = "<group>";
		};
		C75F3D2823EB588E00C7B5E5 /* Default Delegates */ = {
			isa = PBXGroup;
			children = (
				C75F3D2923EB58DB00C7B5E5 /* AppDelegate.swift */,
				C75F3D2A23EB58E300C7B5E5 /* SceneDelegate.swift */,
			);
			path = "Default Delegates";
			sourceTree = "<group>";
		};
		C7CC451B23EB5A7200A086D7 /* Info */ = {
			isa = PBXGroup;
			children = (
				C75F3D0523EB570B00C7B5E5 /* Info.plist */,
				C7507C1724B26E7C007DB777 /* GoogleService-Info.plist */,
			);
			name = Info;
			sourceTree = "<group>";
		};
		C7CC451E23EB5A9D00A086D7 /* Utilities */ = {
			isa = PBXGroup;
			children = (
				C7CC452023EB5AB000A086D7 /* Resources */,
				C7CC451F23EB5AAA00A086D7 /* Code */,
			);
			path = Utilities;
			sourceTree = "<group>";
		};
		C7CC451F23EB5AAA00A086D7 /* Code */ = {
			isa = PBXGroup;
			children = (
				C79ED2AD24AF151B00DC5239 /* UIButtonExtension.swift */,
				C7CC452223EB5AD600A086D7 /* Customizables.swift */,
				C7CC452123EB5ACC00A086D7 /* UITextField+Extensions.swift */,
				C7CC452323EB5AE200A086D7 /* Utilities.swift */,
				C7DEBBC024D6172200E4E465 /* DatabaseSheetParser.swift */,
				C7DEBBC624D7640F00E4E465 /* DatabaseValue.swift */,
				C7DEBBC824D76D3800E4E465 /* DatabaseKey.swift */,
			);
			path = Code;
			sourceTree = "<group>";
		};
		C7CC452023EB5AB000A086D7 /* Resources */ = {
			isa = PBXGroup;
			children = (
				C791D8BB24AA8DAF00358EB8 /* firstNames.txt */,
				C700B16C23EB692C00816708 /* LexendDeca-Regular.ttf */,
				C700B13F23EB644400816708 /* lastNames.txt */,
				C700B14323EB647100816708 /* zipCodes.txt */,
				C700B14223EB646800816708 /* zipCodesToLocation.csv */,
				C700B14123EB644F00816708 /* zipCodesToValue.csv */,
				C7DEBBBE24D60D0D00E4E465 /* DatabaseParseSheet.csv */,
			);
			path = Resources;
			sourceTree = "<group>";
		};
		E0B64F441825A129476ED08F /* Frameworks */ = {
			isa = PBXGroup;
			children = (
				F97D04A0D7C7E63F30B2C2A7 /* libPods-PeerGC.a */,
				6E395DD9BD6607AB9B897BFB /* libPods-PeerGC-PeerGCUITests.a */,
				B104F89C4B26144AF8926C9B /* libPods-PeerGCTests.a */,
			);
			name = Frameworks;
			sourceTree = "<group>";
		};
/* End PBXGroup section */

/* Begin PBXNativeTarget section */
		C75F3CF323EB570700C7B5E5 /* PeerGC */ = {
			isa = PBXNativeTarget;
			buildConfigurationList = C75F3D1E23EB570B00C7B5E5 /* Build configuration list for PBXNativeTarget "PeerGC" */;
			buildPhases = (
				1B37CD84274DBFBBBED8B37D /* [CP] Check Pods Manifest.lock */,
				C75F3CF023EB570700C7B5E5 /* Sources */,
				C75F3CF123EB570700C7B5E5 /* Frameworks */,
				C75F3CF223EB570700C7B5E5 /* Resources */,
				C72E232924AE5DEA00550FD9 /* FirebaseCrashlytics */,
				967664FEB9D3282E52A9B8B6 /* [CP] Copy Pods Resources */,
			);
			buildRules = (
			);
			dependencies = (
			);
			name = PeerGC;
			productName = PeerGC;
			productReference = C75F3CF423EB570700C7B5E5 /* PeerGC.app */;
			productType = "com.apple.product-type.application";
		};
		C75F3D0923EB570B00C7B5E5 /* PeerGCTests */ = {
			isa = PBXNativeTarget;
			buildConfigurationList = C75F3D2123EB570B00C7B5E5 /* Build configuration list for PBXNativeTarget "PeerGCTests" */;
			buildPhases = (
				1556FBC2AA446FFCC1A7B16B /* [CP] Check Pods Manifest.lock */,
				C75F3D0623EB570B00C7B5E5 /* Sources */,
				C75F3D0723EB570B00C7B5E5 /* Frameworks */,
				C75F3D0823EB570B00C7B5E5 /* Resources */,
			);
			buildRules = (
			);
			dependencies = (
				C75F3D0C23EB570B00C7B5E5 /* PBXTargetDependency */,
			);
			name = PeerGCTests;
			productName = PeerGCTests;
			productReference = C75F3D0A23EB570B00C7B5E5 /* PeerGCTests.xctest */;
			productType = "com.apple.product-type.bundle.unit-test";
		};
		C75F3D1423EB570B00C7B5E5 /* PeerGCUITests */ = {
			isa = PBXNativeTarget;
			buildConfigurationList = C75F3D2423EB570B00C7B5E5 /* Build configuration list for PBXNativeTarget "PeerGCUITests" */;
			buildPhases = (
				24402F31B210FD42C1D48489 /* [CP] Check Pods Manifest.lock */,
				C75F3D1123EB570B00C7B5E5 /* Sources */,
				C75F3D1223EB570B00C7B5E5 /* Frameworks */,
				C75F3D1323EB570B00C7B5E5 /* Resources */,
				642E8315F53EA319AB6F04B4 /* [CP] Copy Pods Resources */,
			);
			buildRules = (
			);
			dependencies = (
				C75F3D1723EB570B00C7B5E5 /* PBXTargetDependency */,
			);
			name = PeerGCUITests;
			productName = PeerGCUITests;
			productReference = C75F3D1523EB570B00C7B5E5 /* PeerGCUITests.xctest */;
			productType = "com.apple.product-type.bundle.ui-testing";
		};
/* End PBXNativeTarget section */

/* Begin PBXProject section */
		C75F3CEC23EB570700C7B5E5 /* Project object */ = {
			isa = PBXProject;
			attributes = {
				LastSwiftUpdateCheck = 1130;
				LastUpgradeCheck = 1150;
				ORGANIZATIONNAME = "AJ Radik";
				TargetAttributes = {
					C75F3CF323EB570700C7B5E5 = {
						CreatedOnToolsVersion = 11.3.1;
					};
					C75F3D0923EB570B00C7B5E5 = {
						CreatedOnToolsVersion = 11.3.1;
						TestTargetID = C75F3CF323EB570700C7B5E5;
					};
					C75F3D1423EB570B00C7B5E5 = {
						CreatedOnToolsVersion = 11.3.1;
						TestTargetID = C75F3CF323EB570700C7B5E5;
					};
				};
			};
			buildConfigurationList = C75F3CEF23EB570700C7B5E5 /* Build configuration list for PBXProject "PeerGC" */;
			compatibilityVersion = "Xcode 9.3";
			developmentRegion = en;
			hasScannedForEncodings = 0;
			knownRegions = (
				en,
				Base,
			);
			mainGroup = C75F3CEB23EB570700C7B5E5;
			productRefGroup = C75F3CF523EB570700C7B5E5 /* Products */;
			projectDirPath = "";
			projectRoot = "";
			targets = (
				C75F3CF323EB570700C7B5E5 /* PeerGC */,
				C75F3D0923EB570B00C7B5E5 /* PeerGCTests */,
				C75F3D1423EB570B00C7B5E5 /* PeerGCUITests */,
			);
		};
/* End PBXProject section */

/* Begin PBXResourcesBuildPhase section */
		C75F3CF223EB570700C7B5E5 /* Resources */ = {
			isa = PBXResourcesBuildPhase;
			buildActionMask = 2147483647;
			files = (
				C7B0D1B2249B1BD700476FB1 /* firstNames.txt in Resources */,
				C700B16E23EB6C9400816708 /* LexendDeca-Regular.ttf in Resources */,
				C700B14623EB647100816708 /* zipCodesToValue.csv in Resources */,
				C700B14823EB647100816708 /* zipCodes.txt in Resources */,
				C75F3D0423EB570B00C7B5E5 /* LaunchScreen.storyboard in Resources */,
				C700B14423EB647100816708 /* lastNames.txt in Resources */,
				C700B14723EB647100816708 /* zipCodesToLocation.csv in Resources */,
				C7507C1824B26E7C007DB777 /* GoogleService-Info.plist in Resources */,
				C75F3D0123EB570B00C7B5E5 /* Assets.xcassets in Resources */,
				C75F3CFF23EB570700C7B5E5 /* Main.storyboard in Resources */,
				C7DEBBBF24D60D0D00E4E465 /* DatabaseParseSheet.csv in Resources */,
			);
			runOnlyForDeploymentPostprocessing = 0;
		};
		C75F3D0823EB570B00C7B5E5 /* Resources */ = {
			isa = PBXResourcesBuildPhase;
			buildActionMask = 2147483647;
			files = (
			);
			runOnlyForDeploymentPostprocessing = 0;
		};
		C75F3D1323EB570B00C7B5E5 /* Resources */ = {
			isa = PBXResourcesBuildPhase;
			buildActionMask = 2147483647;
			files = (
			);
			runOnlyForDeploymentPostprocessing = 0;
		};
/* End PBXResourcesBuildPhase section */

/* Begin PBXShellScriptBuildPhase section */
		1556FBC2AA446FFCC1A7B16B /* [CP] Check Pods Manifest.lock */ = {
			isa = PBXShellScriptBuildPhase;
			buildActionMask = 2147483647;
			files = (
			);
			inputFileListPaths = (
			);
			inputPaths = (
				"${PODS_PODFILE_DIR_PATH}/Podfile.lock",
				"${PODS_ROOT}/Manifest.lock",
			);
			name = "[CP] Check Pods Manifest.lock";
			outputFileListPaths = (
			);
			outputPaths = (
				"$(DERIVED_FILE_DIR)/Pods-PeerGCTests-checkManifestLockResult.txt",
			);
			runOnlyForDeploymentPostprocessing = 0;
			shellPath = /bin/sh;
			shellScript = "diff \"${PODS_PODFILE_DIR_PATH}/Podfile.lock\" \"${PODS_ROOT}/Manifest.lock\" > /dev/null\nif [ $? != 0 ] ; then\n    # print error to STDERR\n    echo \"error: The sandbox is not in sync with the Podfile.lock. Run 'pod install' or update your CocoaPods installation.\" >&2\n    exit 1\nfi\n# This output is used by Xcode 'outputs' to avoid re-running this script phase.\necho \"SUCCESS\" > \"${SCRIPT_OUTPUT_FILE_0}\"\n";
			showEnvVarsInLog = 0;
		};
		1B37CD84274DBFBBBED8B37D /* [CP] Check Pods Manifest.lock */ = {
			isa = PBXShellScriptBuildPhase;
			buildActionMask = 2147483647;
			files = (
			);
			inputFileListPaths = (
			);
			inputPaths = (
				"${PODS_PODFILE_DIR_PATH}/Podfile.lock",
				"${PODS_ROOT}/Manifest.lock",
			);
			name = "[CP] Check Pods Manifest.lock";
			outputFileListPaths = (
			);
			outputPaths = (
				"$(DERIVED_FILE_DIR)/Pods-PeerGC-checkManifestLockResult.txt",
			);
			runOnlyForDeploymentPostprocessing = 0;
			shellPath = /bin/sh;
			shellScript = "diff \"${PODS_PODFILE_DIR_PATH}/Podfile.lock\" \"${PODS_ROOT}/Manifest.lock\" > /dev/null\nif [ $? != 0 ] ; then\n    # print error to STDERR\n    echo \"error: The sandbox is not in sync with the Podfile.lock. Run 'pod install' or update your CocoaPods installation.\" >&2\n    exit 1\nfi\n# This output is used by Xcode 'outputs' to avoid re-running this script phase.\necho \"SUCCESS\" > \"${SCRIPT_OUTPUT_FILE_0}\"\n";
			showEnvVarsInLog = 0;
		};
		24402F31B210FD42C1D48489 /* [CP] Check Pods Manifest.lock */ = {
			isa = PBXShellScriptBuildPhase;
			buildActionMask = 2147483647;
			files = (
			);
			inputFileListPaths = (
			);
			inputPaths = (
				"${PODS_PODFILE_DIR_PATH}/Podfile.lock",
				"${PODS_ROOT}/Manifest.lock",
			);
			name = "[CP] Check Pods Manifest.lock";
			outputFileListPaths = (
			);
			outputPaths = (
				"$(DERIVED_FILE_DIR)/Pods-PeerGC-PeerGCUITests-checkManifestLockResult.txt",
			);
			runOnlyForDeploymentPostprocessing = 0;
			shellPath = /bin/sh;
			shellScript = "diff \"${PODS_PODFILE_DIR_PATH}/Podfile.lock\" \"${PODS_ROOT}/Manifest.lock\" > /dev/null\nif [ $? != 0 ] ; then\n    # print error to STDERR\n    echo \"error: The sandbox is not in sync with the Podfile.lock. Run 'pod install' or update your CocoaPods installation.\" >&2\n    exit 1\nfi\n# This output is used by Xcode 'outputs' to avoid re-running this script phase.\necho \"SUCCESS\" > \"${SCRIPT_OUTPUT_FILE_0}\"\n";
			showEnvVarsInLog = 0;
		};
		642E8315F53EA319AB6F04B4 /* [CP] Copy Pods Resources */ = {
			isa = PBXShellScriptBuildPhase;
			buildActionMask = 2147483647;
			files = (
			);
			inputFileListPaths = (
				"${PODS_ROOT}/Target Support Files/Pods-PeerGC-PeerGCUITests/Pods-PeerGC-PeerGCUITests-resources-${CONFIGURATION}-input-files.xcfilelist",
			);
			name = "[CP] Copy Pods Resources";
			outputFileListPaths = (
				"${PODS_ROOT}/Target Support Files/Pods-PeerGC-PeerGCUITests/Pods-PeerGC-PeerGCUITests-resources-${CONFIGURATION}-output-files.xcfilelist",
			);
			runOnlyForDeploymentPostprocessing = 0;
			shellPath = /bin/sh;
			shellScript = "\"${PODS_ROOT}/Target Support Files/Pods-PeerGC-PeerGCUITests/Pods-PeerGC-PeerGCUITests-resources.sh\"\n";
			showEnvVarsInLog = 0;
		};
		967664FEB9D3282E52A9B8B6 /* [CP] Copy Pods Resources */ = {
			isa = PBXShellScriptBuildPhase;
			buildActionMask = 2147483647;
			files = (
			);
			inputFileListPaths = (
				"${PODS_ROOT}/Target Support Files/Pods-PeerGC/Pods-PeerGC-resources-${CONFIGURATION}-input-files.xcfilelist",
			);
			name = "[CP] Copy Pods Resources";
			outputFileListPaths = (
				"${PODS_ROOT}/Target Support Files/Pods-PeerGC/Pods-PeerGC-resources-${CONFIGURATION}-output-files.xcfilelist",
			);
			runOnlyForDeploymentPostprocessing = 0;
			shellPath = /bin/sh;
			shellScript = "\"${PODS_ROOT}/Target Support Files/Pods-PeerGC/Pods-PeerGC-resources.sh\"\n";
			showEnvVarsInLog = 0;
		};
		C72E232924AE5DEA00550FD9 /* FirebaseCrashlytics */ = {
			isa = PBXShellScriptBuildPhase;
			buildActionMask = 2147483647;
			files = (
			);
			inputFileListPaths = (
			);
			inputPaths = (
				"${DWARF_DSYM_FOLDER_PATH}/${DWARF_DSYM_FILE_NAME}/Contents/Resources/DWARF/${TARGET_NAME}",
				"$(SRCROOT)/$(BUILT_PRODUCTS_DIR)/$(INFOPLIST_PATH)",
			);
			name = FirebaseCrashlytics;
			outputFileListPaths = (
			);
			outputPaths = (
			);
			runOnlyForDeploymentPostprocessing = 0;
			shellPath = /bin/sh;
			shellScript = "\"${PODS_ROOT}/FirebaseCrashlytics/run\"\n";
		};
/* End PBXShellScriptBuildPhase section */

/* Begin PBXSourcesBuildPhase section */
		C75F3CF023EB570700C7B5E5 /* Sources */ = {
			isa = PBXSourcesBuildPhase;
			buildActionMask = 2147483647;
			files = (
				C74133B524CBAC5C003FC549 /* FirstGenerationVC.swift in Sources */,
				C74133BD24CBAFF1003FC549 /* LookingForVC.swift in Sources */,
				C72ED27324C909EE00419E74 /* CreateNameViewController.swift in Sources */,
				C74133C924CBB299003FC549 /* FirstLanguageVC.swift in Sources */,
				C74133BB24CBAF4B003FC549 /* InterestVC.swift in Sources */,
				C7DEBBCB24D7E7AA00E4E465 /* CollegeNameVC.swift in Sources */,
				C74133DC24CBC1B8003FC549 /* PostGradAspirationsVC.swift in Sources */,
				C72ED27224C909EE00419E74 /* EnterPasswordViewController.swift in Sources */,
				C72ED27924C90A1600419E74 /* EntranceViewController.swift in Sources */,
				C74133D224CBBE2D003FC549 /* HighSchoolScoresVC.swift in Sources */,
				C74133B324CBAAEF003FC549 /* RaceVC.swift in Sources */,
				C74133AF24CBA848003FC549 /* GenderVC.swift in Sources */,
				C797D85F24AD99580060FFDB /* ChatViewController.swift in Sources */,
				C74133A924CBA08E003FC549 /* AccountTypeVC.swift in Sources */,
				C7CC452623EB5AE300A086D7 /* Utilities.swift in Sources */,
				C7DEBBC924D76D3800E4E465 /* DatabaseKey.swift in Sources */,
				C72ED27124C909EE00419E74 /* ResetPasswordViewController.swift in Sources */,
				C74133D024CBBDB4003FC549 /* HighSchoolGPAVC.swift in Sources */,
				C75F3D2B23EB58E300C7B5E5 /* AppDelegate.swift in Sources */,
				C7DEBBCD24D7EA4400E4E465 /* WhyYouBeCounselorVC.swift in Sources */,
				C7DEBBC724D7640F00E4E465 /* DatabaseValue.swift in Sources */,
				C74133B924CBAEAE003FC549 /* CollegeYearVC.swift in Sources */,
				C74133C124CBB141003FC549 /* FeelAboutApplyingVC.swift in Sources */,
				C74133D424CBBF67003FC549 /* SATScoreVC.swift in Sources */,
				C7CC452423EB5AE300A086D7 /* UITextField+Extensions.swift in Sources */,
				C79ED2AE24AF151B00DC5239 /* UIButtonExtension.swift in Sources */,
				C74133B724CBADFE003FC549 /* HighSchoolYearVC.swift in Sources */,
				C74133BF24CBB082003FC549 /* WhereInProcessVC.swift in Sources */,
				C700B15623EB650500816708 /* AccountInfoViewController.swift in Sources */,
				C72ED27424C909EE00419E74 /* EmailViewController.swift in Sources */,
				C74133E224CBC3FB003FC549 /* GenericStructureViewController.swift in Sources */,
				C74133E024CBC336003FC549 /* WhichDegreeVC.swift in Sources */,
				C72ED27024C909EE00419E74 /* CreatePasswordViewController.swift in Sources */,
				C75F3D2C23EB58E300C7B5E5 /* SceneDelegate.swift in Sources */,
				C7CC452523EB5AE300A086D7 /* Customizables.swift in Sources */,
				C700B15523EB650500816708 /* HomeViewController.swift in Sources */,
				C74133E424CCBECF003FC549 /* MatchingVC.swift in Sources */,
				C7DEBBC324D657E900E4E465 /* ProfileVC.swift in Sources */,
				C74133CB24CBB5DB003FC549 /* OtherFirstLanguageVC.swift in Sources */,
				C74133AD24CBA5F1003FC549 /* ZipCodeVC.swift in Sources */,
				C74133AB24CBA35C003FC549 /* ProfilePictureVC.swift in Sources */,
				C74133B124CBAA54003FC549 /* LGBTQVC.swift in Sources */,
				C7DEBBC124D6172200E4E465 /* DatabaseSheetParser.swift in Sources */,
				C74133D624CBC04E003FC549 /* ACTScoreVC.swift in Sources */,
				C74133C324CBB1A8003FC549 /* KindOfCollegeVC.swift in Sources */,
				C74133CE24CBBD19003FC549 /* MajorVC.swift in Sources */,
				C74133DE24CBC298003FC549 /* WhichStudentTypeVC.swift in Sources */,
				C74133DA24CBC142003FC549 /* WhyYourCollegeVC.swift in Sources */,
				C74133E724CE2085003FC549 /* EmailVC.swift in Sources */,
				C74133D824CBC089003FC549 /* HelpMostVC.swift in Sources */,
				C72ED27824C90A1600419E74 /* SpashScreenViewController.swift in Sources */,
				C74133C724CBB226003FC549 /* WhyCollegeVC.swift in Sources */,
			);
			runOnlyForDeploymentPostprocessing = 0;
		};
		C75F3D0623EB570B00C7B5E5 /* Sources */ = {
			isa = PBXSourcesBuildPhase;
			buildActionMask = 2147483647;
			files = (
				C75F3D0F23EB570B00C7B5E5 /* PeerGCTests.swift in Sources */,
			);
			runOnlyForDeploymentPostprocessing = 0;
		};
		C75F3D1123EB570B00C7B5E5 /* Sources */ = {
			isa = PBXSourcesBuildPhase;
			buildActionMask = 2147483647;
			files = (
				C75F3D1A23EB570B00C7B5E5 /* PeerGCUITests.swift in Sources */,
			);
			runOnlyForDeploymentPostprocessing = 0;
		};
/* End PBXSourcesBuildPhase section */

/* Begin PBXTargetDependency section */
		C75F3D0C23EB570B00C7B5E5 /* PBXTargetDependency */ = {
			isa = PBXTargetDependency;
			target = C75F3CF323EB570700C7B5E5 /* PeerGC */;
			targetProxy = C75F3D0B23EB570B00C7B5E5 /* PBXContainerItemProxy */;
		};
		C75F3D1723EB570B00C7B5E5 /* PBXTargetDependency */ = {
			isa = PBXTargetDependency;
			target = C75F3CF323EB570700C7B5E5 /* PeerGC */;
			targetProxy = C75F3D1623EB570B00C7B5E5 /* PBXContainerItemProxy */;
		};
/* End PBXTargetDependency section */

/* Begin PBXVariantGroup section */
		C75F3CFD23EB570700C7B5E5 /* Main.storyboard */ = {
			isa = PBXVariantGroup;
			children = (
				C75F3CFE23EB570700C7B5E5 /* Base */,
			);
			name = Main.storyboard;
			sourceTree = "<group>";
		};
		C75F3D0223EB570B00C7B5E5 /* LaunchScreen.storyboard */ = {
			isa = PBXVariantGroup;
			children = (
				C75F3D0323EB570B00C7B5E5 /* Base */,
			);
			name = LaunchScreen.storyboard;
			sourceTree = "<group>";
		};
/* End PBXVariantGroup section */

/* Begin XCBuildConfiguration section */
		C75F3D1C23EB570B00C7B5E5 /* Debug */ = {
			isa = XCBuildConfiguration;
			buildSettings = {
				ALWAYS_SEARCH_USER_PATHS = NO;
				CLANG_ANALYZER_NONNULL = YES;
				CLANG_ANALYZER_NUMBER_OBJECT_CONVERSION = YES_AGGRESSIVE;
				CLANG_CXX_LANGUAGE_STANDARD = "gnu++14";
				CLANG_CXX_LIBRARY = "libc++";
				CLANG_ENABLE_MODULES = YES;
				CLANG_ENABLE_OBJC_ARC = YES;
				CLANG_ENABLE_OBJC_WEAK = YES;
				CLANG_WARN_BLOCK_CAPTURE_AUTORELEASING = YES;
				CLANG_WARN_BOOL_CONVERSION = YES;
				CLANG_WARN_COMMA = YES;
				CLANG_WARN_CONSTANT_CONVERSION = YES;
				CLANG_WARN_DEPRECATED_OBJC_IMPLEMENTATIONS = YES;
				CLANG_WARN_DIRECT_OBJC_ISA_USAGE = YES_ERROR;
				CLANG_WARN_DOCUMENTATION_COMMENTS = YES;
				CLANG_WARN_EMPTY_BODY = YES;
				CLANG_WARN_ENUM_CONVERSION = YES;
				CLANG_WARN_INFINITE_RECURSION = YES;
				CLANG_WARN_INT_CONVERSION = YES;
				CLANG_WARN_NON_LITERAL_NULL_CONVERSION = YES;
				CLANG_WARN_OBJC_IMPLICIT_RETAIN_SELF = YES;
				CLANG_WARN_OBJC_LITERAL_CONVERSION = YES;
				CLANG_WARN_OBJC_ROOT_CLASS = YES_ERROR;
				CLANG_WARN_RANGE_LOOP_ANALYSIS = YES;
				CLANG_WARN_STRICT_PROTOTYPES = YES;
				CLANG_WARN_SUSPICIOUS_MOVE = YES;
				CLANG_WARN_UNGUARDED_AVAILABILITY = YES_AGGRESSIVE;
				CLANG_WARN_UNREACHABLE_CODE = YES;
				CLANG_WARN__DUPLICATE_METHOD_MATCH = YES;
				COPY_PHASE_STRIP = NO;
				DEBUG_INFORMATION_FORMAT = "dwarf-with-dsym";
				ENABLE_STRICT_OBJC_MSGSEND = YES;
				ENABLE_TESTABILITY = YES;
				GCC_C_LANGUAGE_STANDARD = gnu11;
				GCC_DYNAMIC_NO_PIC = NO;
				GCC_NO_COMMON_BLOCKS = YES;
				GCC_OPTIMIZATION_LEVEL = 0;
				GCC_PREPROCESSOR_DEFINITIONS = (
					"DEBUG=1",
					"$(inherited)",
				);
				GCC_WARN_64_TO_32_BIT_CONVERSION = YES;
				GCC_WARN_ABOUT_RETURN_TYPE = YES_ERROR;
				GCC_WARN_UNDECLARED_SELECTOR = YES;
				GCC_WARN_UNINITIALIZED_AUTOS = YES_AGGRESSIVE;
				GCC_WARN_UNUSED_FUNCTION = YES;
				GCC_WARN_UNUSED_VARIABLE = YES;
				IPHONEOS_DEPLOYMENT_TARGET = 13.2;
				MTL_ENABLE_DEBUG_INFO = INCLUDE_SOURCE;
				MTL_FAST_MATH = YES;
				ONLY_ACTIVE_ARCH = YES;
				SDKROOT = iphoneos;
				SWIFT_ACTIVE_COMPILATION_CONDITIONS = DEBUG;
				SWIFT_OPTIMIZATION_LEVEL = "-Onone";
			};
			name = Debug;
		};
		C75F3D1D23EB570B00C7B5E5 /* Release */ = {
			isa = XCBuildConfiguration;
			buildSettings = {
				ALWAYS_SEARCH_USER_PATHS = NO;
				CLANG_ANALYZER_NONNULL = YES;
				CLANG_ANALYZER_NUMBER_OBJECT_CONVERSION = YES_AGGRESSIVE;
				CLANG_CXX_LANGUAGE_STANDARD = "gnu++14";
				CLANG_CXX_LIBRARY = "libc++";
				CLANG_ENABLE_MODULES = YES;
				CLANG_ENABLE_OBJC_ARC = YES;
				CLANG_ENABLE_OBJC_WEAK = YES;
				CLANG_WARN_BLOCK_CAPTURE_AUTORELEASING = YES;
				CLANG_WARN_BOOL_CONVERSION = YES;
				CLANG_WARN_COMMA = YES;
				CLANG_WARN_CONSTANT_CONVERSION = YES;
				CLANG_WARN_DEPRECATED_OBJC_IMPLEMENTATIONS = YES;
				CLANG_WARN_DIRECT_OBJC_ISA_USAGE = YES_ERROR;
				CLANG_WARN_DOCUMENTATION_COMMENTS = YES;
				CLANG_WARN_EMPTY_BODY = YES;
				CLANG_WARN_ENUM_CONVERSION = YES;
				CLANG_WARN_INFINITE_RECURSION = YES;
				CLANG_WARN_INT_CONVERSION = YES;
				CLANG_WARN_NON_LITERAL_NULL_CONVERSION = YES;
				CLANG_WARN_OBJC_IMPLICIT_RETAIN_SELF = YES;
				CLANG_WARN_OBJC_LITERAL_CONVERSION = YES;
				CLANG_WARN_OBJC_ROOT_CLASS = YES_ERROR;
				CLANG_WARN_RANGE_LOOP_ANALYSIS = YES;
				CLANG_WARN_STRICT_PROTOTYPES = YES;
				CLANG_WARN_SUSPICIOUS_MOVE = YES;
				CLANG_WARN_UNGUARDED_AVAILABILITY = YES_AGGRESSIVE;
				CLANG_WARN_UNREACHABLE_CODE = YES;
				CLANG_WARN__DUPLICATE_METHOD_MATCH = YES;
				COPY_PHASE_STRIP = NO;
				DEBUG_INFORMATION_FORMAT = "dwarf-with-dsym";
				ENABLE_NS_ASSERTIONS = NO;
				ENABLE_STRICT_OBJC_MSGSEND = YES;
				GCC_C_LANGUAGE_STANDARD = gnu11;
				GCC_NO_COMMON_BLOCKS = YES;
				GCC_WARN_64_TO_32_BIT_CONVERSION = YES;
				GCC_WARN_ABOUT_RETURN_TYPE = YES_ERROR;
				GCC_WARN_UNDECLARED_SELECTOR = YES;
				GCC_WARN_UNINITIALIZED_AUTOS = YES_AGGRESSIVE;
				GCC_WARN_UNUSED_FUNCTION = YES;
				GCC_WARN_UNUSED_VARIABLE = YES;
				IPHONEOS_DEPLOYMENT_TARGET = 13.2;
				MTL_ENABLE_DEBUG_INFO = NO;
				MTL_FAST_MATH = YES;
				SDKROOT = iphoneos;
				SWIFT_COMPILATION_MODE = wholemodule;
				SWIFT_OPTIMIZATION_LEVEL = "-O";
				VALIDATE_PRODUCT = YES;
			};
			name = Release;
		};
		C75F3D1F23EB570B00C7B5E5 /* Debug */ = {
			isa = XCBuildConfiguration;
			baseConfigurationReference = 49921BD2B29DBC14F6790BC6 /* Pods-PeerGC.debug.xcconfig */;
			buildSettings = {
				ASSETCATALOG_COMPILER_APPICON_NAME = AppIcon;
				CODE_SIGN_ENTITLEMENTS = PeerGC/PeerGC.entitlements;
				"CODE_SIGN_IDENTITY[sdk=macosx*]" = "Apple Development";
				CODE_SIGN_STYLE = Automatic;
				CURRENT_PROJECT_VERSION = 2386;
				DEVELOPMENT_TEAM = 32F8FK43RT;
				INFOPLIST_FILE = PeerGC/Info.plist;
				LD_RUNPATH_SEARCH_PATHS = (
					"$(inherited)",
					"@executable_path/Frameworks",
				);
				MARKETING_VERSION = 0.0.0;
				PRODUCT_BUNDLE_IDENTIFIER = com.aradik.PeerGC;
				PRODUCT_NAME = "$(TARGET_NAME)";
				SUPPORTS_MACCATALYST = YES;
				SWIFT_VERSION = 5.0;
				TARGETED_DEVICE_FAMILY = "1,2";
				VERSIONING_SYSTEM = "apple-generic";
			};
			name = Debug;
		};
		C75F3D2023EB570B00C7B5E5 /* Release */ = {
			isa = XCBuildConfiguration;
			baseConfigurationReference = B40359D8C9521AD0C6D97F99 /* Pods-PeerGC.release.xcconfig */;
			buildSettings = {
				ASSETCATALOG_COMPILER_APPICON_NAME = AppIcon;
				CODE_SIGN_ENTITLEMENTS = PeerGC/PeerGC.entitlements;
				"CODE_SIGN_IDENTITY[sdk=macosx*]" = "Apple Development";
				CODE_SIGN_STYLE = Automatic;
				CURRENT_PROJECT_VERSION = 2386;
				DEVELOPMENT_TEAM = 32F8FK43RT;
				INFOPLIST_FILE = PeerGC/Info.plist;
				LD_RUNPATH_SEARCH_PATHS = (
					"$(inherited)",
					"@executable_path/Frameworks",
				);
				MARKETING_VERSION = 0.0.0;
				PRODUCT_BUNDLE_IDENTIFIER = com.aradik.PeerGC;
				PRODUCT_NAME = "$(TARGET_NAME)";
				SUPPORTS_MACCATALYST = YES;
				SWIFT_VERSION = 5.0;
				TARGETED_DEVICE_FAMILY = "1,2";
				VERSIONING_SYSTEM = "apple-generic";
			};
			name = Release;
		};
		C75F3D2223EB570B00C7B5E5 /* Debug */ = {
			isa = XCBuildConfiguration;
			baseConfigurationReference = 985E5885019662C5097B8665 /* Pods-PeerGCTests.debug.xcconfig */;
			buildSettings = {
				ALWAYS_EMBED_SWIFT_STANDARD_LIBRARIES = YES;
				BUNDLE_LOADER = "$(TEST_HOST)";
				CODE_SIGN_STYLE = Automatic;
				DEVELOPMENT_TEAM = 2557GG3JCA;
				INFOPLIST_FILE = PeerGCTests/Info.plist;
				IPHONEOS_DEPLOYMENT_TARGET = 13.2;
				LD_RUNPATH_SEARCH_PATHS = (
					"$(inherited)",
					"@executable_path/Frameworks",
					"@loader_path/Frameworks",
				);
				PRODUCT_BUNDLE_IDENTIFIER = com.ajradik.PeerGCTests;
				PRODUCT_NAME = "$(TARGET_NAME)";
				SWIFT_VERSION = 5.0;
				TARGETED_DEVICE_FAMILY = "1,2";
				TEST_HOST = "$(BUILT_PRODUCTS_DIR)/PeerGC.app/PeerGC";
			};
			name = Debug;
		};
		C75F3D2323EB570B00C7B5E5 /* Release */ = {
			isa = XCBuildConfiguration;
			baseConfigurationReference = 80B265D7E21E0C267756D6DA /* Pods-PeerGCTests.release.xcconfig */;
			buildSettings = {
				ALWAYS_EMBED_SWIFT_STANDARD_LIBRARIES = YES;
				BUNDLE_LOADER = "$(TEST_HOST)";
				CODE_SIGN_STYLE = Automatic;
				DEVELOPMENT_TEAM = 2557GG3JCA;
				INFOPLIST_FILE = PeerGCTests/Info.plist;
				IPHONEOS_DEPLOYMENT_TARGET = 13.2;
				LD_RUNPATH_SEARCH_PATHS = (
					"$(inherited)",
					"@executable_path/Frameworks",
					"@loader_path/Frameworks",
				);
				PRODUCT_BUNDLE_IDENTIFIER = com.ajradik.PeerGCTests;
				PRODUCT_NAME = "$(TARGET_NAME)";
				SWIFT_VERSION = 5.0;
				TARGETED_DEVICE_FAMILY = "1,2";
				TEST_HOST = "$(BUILT_PRODUCTS_DIR)/PeerGC.app/PeerGC";
			};
			name = Release;
		};
		C75F3D2523EB570B00C7B5E5 /* Debug */ = {
			isa = XCBuildConfiguration;
			baseConfigurationReference = D060C30285A1C656AB43864B /* Pods-PeerGC-PeerGCUITests.debug.xcconfig */;
			buildSettings = {
				ALWAYS_EMBED_SWIFT_STANDARD_LIBRARIES = YES;
				CODE_SIGN_STYLE = Automatic;
				DEVELOPMENT_TEAM = 2557GG3JCA;
				INFOPLIST_FILE = PeerGCUITests/Info.plist;
				LD_RUNPATH_SEARCH_PATHS = (
					"$(inherited)",
					"@executable_path/Frameworks",
					"@loader_path/Frameworks",
				);
				PRODUCT_BUNDLE_IDENTIFIER = com.ajradik.PeerGCUITests;
				PRODUCT_NAME = "$(TARGET_NAME)";
				SWIFT_VERSION = 5.0;
				TARGETED_DEVICE_FAMILY = "1,2";
				TEST_TARGET_NAME = PeerGC;
			};
			name = Debug;
		};
		C75F3D2623EB570B00C7B5E5 /* Release */ = {
			isa = XCBuildConfiguration;
			baseConfigurationReference = 65AEC330E6237597A40E0BD2 /* Pods-PeerGC-PeerGCUITests.release.xcconfig */;
			buildSettings = {
				ALWAYS_EMBED_SWIFT_STANDARD_LIBRARIES = YES;
				CODE_SIGN_STYLE = Automatic;
				DEVELOPMENT_TEAM = 2557GG3JCA;
				INFOPLIST_FILE = PeerGCUITests/Info.plist;
				LD_RUNPATH_SEARCH_PATHS = (
					"$(inherited)",
					"@executable_path/Frameworks",
					"@loader_path/Frameworks",
				);
				PRODUCT_BUNDLE_IDENTIFIER = com.ajradik.PeerGCUITests;
				PRODUCT_NAME = "$(TARGET_NAME)";
				SWIFT_VERSION = 5.0;
				TARGETED_DEVICE_FAMILY = "1,2";
				TEST_TARGET_NAME = PeerGC;
			};
			name = Release;
		};
/* End XCBuildConfiguration section */

/* Begin XCConfigurationList section */
		C75F3CEF23EB570700C7B5E5 /* Build configuration list for PBXProject "PeerGC" */ = {
			isa = XCConfigurationList;
			buildConfigurations = (
				C75F3D1C23EB570B00C7B5E5 /* Debug */,
				C75F3D1D23EB570B00C7B5E5 /* Release */,
			);
			defaultConfigurationIsVisible = 0;
			defaultConfigurationName = Release;
		};
		C75F3D1E23EB570B00C7B5E5 /* Build configuration list for PBXNativeTarget "PeerGC" */ = {
			isa = XCConfigurationList;
			buildConfigurations = (
				C75F3D1F23EB570B00C7B5E5 /* Debug */,
				C75F3D2023EB570B00C7B5E5 /* Release */,
			);
			defaultConfigurationIsVisible = 0;
			defaultConfigurationName = Release;
		};
		C75F3D2123EB570B00C7B5E5 /* Build configuration list for PBXNativeTarget "PeerGCTests" */ = {
			isa = XCConfigurationList;
			buildConfigurations = (
				C75F3D2223EB570B00C7B5E5 /* Debug */,
				C75F3D2323EB570B00C7B5E5 /* Release */,
			);
			defaultConfigurationIsVisible = 0;
			defaultConfigurationName = Release;
		};
		C75F3D2423EB570B00C7B5E5 /* Build configuration list for PBXNativeTarget "PeerGCUITests" */ = {
			isa = XCConfigurationList;
			buildConfigurations = (
				C75F3D2523EB570B00C7B5E5 /* Debug */,
				C75F3D2623EB570B00C7B5E5 /* Release */,
			);
			defaultConfigurationIsVisible = 0;
			defaultConfigurationName = Release;
		};
/* End XCConfigurationList section */
	};
	rootObject = C75F3CEC23EB570700C7B5E5 /* Project object */;
}
