// !$*UTF8*$!
{
	archiveVersion = 1;
	classes = {
	};
	objectVersion = 51;
	objects = {

/* Begin PBXBuildFile section */
		1393A95F81D62CCAD6CD4AC8 /* libPods-PeerGCTests.a in Frameworks */ = {isa = PBXBuildFile; fileRef = C1456880FC2D602A043006C6 /* libPods-PeerGCTests.a */; };
		6C84F2F126C7E9340B75FDB9 /* libPods-PeerGC-PeerGCUITests.a in Frameworks */ = {isa = PBXBuildFile; fileRef = 6A01B71C29AAD7368AF24811 /* libPods-PeerGC-PeerGCUITests.a */; };
		C700B14423EB647100816708 /* lastNames.txt in Resources */ = {isa = PBXBuildFile; fileRef = C700B13F23EB644400816708 /* lastNames.txt */; };
		C700B14623EB647100816708 /* zipCodesToValue.csv in Resources */ = {isa = PBXBuildFile; fileRef = C700B14123EB644F00816708 /* zipCodesToValue.csv */; };
		C700B14723EB647100816708 /* zipCodesToLocation.csv in Resources */ = {isa = PBXBuildFile; fileRef = C700B14223EB646800816708 /* zipCodesToLocation.csv */; };
		C700B14823EB647100816708 /* zipCodes.txt in Resources */ = {isa = PBXBuildFile; fileRef = C700B14323EB647100816708 /* zipCodes.txt */; };
		C700B15523EB650500816708 /* HomeViewController.swift in Sources */ = {isa = PBXBuildFile; fileRef = C700B15023EB64D800816708 /* HomeViewController.swift */; };
		C700B15623EB650500816708 /* AccountInfoViewController.swift in Sources */ = {isa = PBXBuildFile; fileRef = C700B15423EB650500816708 /* AccountInfoViewController.swift */; };
		C700B15923EB651F00816708 /* SpashScreenViewController.swift in Sources */ = {isa = PBXBuildFile; fileRef = C700B15223EB64EF00816708 /* SpashScreenViewController.swift */; };
		C700B15A23EB651F00816708 /* EntranceViewController.swift in Sources */ = {isa = PBXBuildFile; fileRef = C700B15823EB651F00816708 /* EntranceViewController.swift */; };
		C700B15F23EB654D00816708 /* EnterPasswordViewController.swift in Sources */ = {isa = PBXBuildFile; fileRef = C700B14E23EB64C100816708 /* EnterPasswordViewController.swift */; };
		C700B16023EB654D00816708 /* EmailViewController.swift in Sources */ = {isa = PBXBuildFile; fileRef = C700B15123EB64E500816708 /* EmailViewController.swift */; };
		C700B16123EB654D00816708 /* CreateNameViewController.swift in Sources */ = {isa = PBXBuildFile; fileRef = C700B15723EB650F00816708 /* CreateNameViewController.swift */; };
		C700B16223EB654D00816708 /* CreatePasswordViewController.swift in Sources */ = {isa = PBXBuildFile; fileRef = C700B15C23EB653400816708 /* CreatePasswordViewController.swift */; };
		C700B16323EB654D00816708 /* ResetPasswordViewController.swift in Sources */ = {isa = PBXBuildFile; fileRef = C700B15E23EB654D00816708 /* ResetPasswordViewController.swift */; };
		C700B16523EB655500816708 /* ProfilePictureViewController.swift in Sources */ = {isa = PBXBuildFile; fileRef = C700B14D23EB64B500816708 /* ProfilePictureViewController.swift */; };
		C700B16623EB655500816708 /* InterestViewController.swift in Sources */ = {isa = PBXBuildFile; fileRef = C700B14F23EB64CD00816708 /* InterestViewController.swift */; };
		C700B16723EB655500816708 /* AccountTypeViewController.swift in Sources */ = {isa = PBXBuildFile; fileRef = C700B15323EB64F600816708 /* AccountTypeViewController.swift */; };
		C700B16823EB655500816708 /* ZipCodeViewController.swift in Sources */ = {isa = PBXBuildFile; fileRef = C700B15B23EB652800816708 /* ZipCodeViewController.swift */; };
		C700B16923EB655500816708 /* GenderViewController.swift in Sources */ = {isa = PBXBuildFile; fileRef = C700B15D23EB654000816708 /* GenderViewController.swift */; };
		C700B16A23EB655500816708 /* RaceViewController.swift in Sources */ = {isa = PBXBuildFile; fileRef = C700B16423EB655500816708 /* RaceViewController.swift */; };
		C700B16E23EB6C9400816708 /* LexendDeca-Regular.ttf in Resources */ = {isa = PBXBuildFile; fileRef = C700B16C23EB692C00816708 /* LexendDeca-Regular.ttf */; };
		C75F3CFF23EB570700C7B5E5 /* Main.storyboard in Resources */ = {isa = PBXBuildFile; fileRef = C75F3CFD23EB570700C7B5E5 /* Main.storyboard */; };
		C75F3D0123EB570B00C7B5E5 /* Assets.xcassets in Resources */ = {isa = PBXBuildFile; fileRef = C75F3D0023EB570B00C7B5E5 /* Assets.xcassets */; };
		C75F3D0423EB570B00C7B5E5 /* LaunchScreen.storyboard in Resources */ = {isa = PBXBuildFile; fileRef = C75F3D0223EB570B00C7B5E5 /* LaunchScreen.storyboard */; };
		C75F3D0F23EB570B00C7B5E5 /* PeerGCTests.swift in Sources */ = {isa = PBXBuildFile; fileRef = C75F3D0E23EB570B00C7B5E5 /* PeerGCTests.swift */; };
		C75F3D1A23EB570B00C7B5E5 /* PeerGCUITests.swift in Sources */ = {isa = PBXBuildFile; fileRef = C75F3D1923EB570B00C7B5E5 /* PeerGCUITests.swift */; };
		C75F3D2B23EB58E300C7B5E5 /* AppDelegate.swift in Sources */ = {isa = PBXBuildFile; fileRef = C75F3D2923EB58DB00C7B5E5 /* AppDelegate.swift */; };
		C75F3D2C23EB58E300C7B5E5 /* SceneDelegate.swift in Sources */ = {isa = PBXBuildFile; fileRef = C75F3D2A23EB58E300C7B5E5 /* SceneDelegate.swift */; };
		C797D85D24AD08AC0060FFDB /* MatchingViewController.swift in Sources */ = {isa = PBXBuildFile; fileRef = C797D85C24AD08AC0060FFDB /* MatchingViewController.swift */; };
		C797D85F24AD99580060FFDB /* ChatViewController.swift in Sources */ = {isa = PBXBuildFile; fileRef = C797D85E24AD99580060FFDB /* ChatViewController.swift */; };
		C79ED2AE24AF151B00DC5239 /* UIButtonExtension.swift in Sources */ = {isa = PBXBuildFile; fileRef = C79ED2AD24AF151B00DC5239 /* UIButtonExtension.swift */; };
		C7B0D1B2249B1BD700476FB1 /* firstNames.txt in Resources */ = {isa = PBXBuildFile; fileRef = C7B0D1B1249B1BD700476FB1 /* firstNames.txt */; };
		C7CC451D23EB5A8400A086D7 /* GoogleService-Info.plist in Resources */ = {isa = PBXBuildFile; fileRef = C7CC451C23EB5A8400A086D7 /* GoogleService-Info.plist */; };
		C7CC452423EB5AE300A086D7 /* UITextField+Extensions.swift in Sources */ = {isa = PBXBuildFile; fileRef = C7CC452123EB5ACC00A086D7 /* UITextField+Extensions.swift */; };
		C7CC452523EB5AE300A086D7 /* Customizables.swift in Sources */ = {isa = PBXBuildFile; fileRef = C7CC452223EB5AD600A086D7 /* Customizables.swift */; };
		C7CC452623EB5AE300A086D7 /* Utilities.swift in Sources */ = {isa = PBXBuildFile; fileRef = C7CC452323EB5AE200A086D7 /* Utilities.swift */; };
		DA3F0F5F12A561161DD674C8 /* libPods-PeerGC.a in Frameworks */ = {isa = PBXBuildFile; fileRef = 66C0E251F324CE834D1F4904 /* libPods-PeerGC.a */; };
/* End PBXBuildFile section */

/* Begin PBXContainerItemProxy section */
		C75F3D0B23EB570B00C7B5E5 /* PBXContainerItemProxy */ = {
			isa = PBXContainerItemProxy;
			containerPortal = C75F3CEC23EB570700C7B5E5 /* Project object */;
			proxyType = 1;
			remoteGlobalIDString = C75F3CF323EB570700C7B5E5;
			remoteInfo = PeerGC;
		};
		C75F3D1623EB570B00C7B5E5 /* PBXContainerItemProxy */ = {
			isa = PBXContainerItemProxy;
			containerPortal = C75F3CEC23EB570700C7B5E5 /* Project object */;
			proxyType = 1;
			remoteGlobalIDString = C75F3CF323EB570700C7B5E5;
			remoteInfo = PeerGC;
		};
/* End PBXContainerItemProxy section */

/* Begin PBXFileReference section */
		026F7EE1B8230DEBB71B0E1C /* Pods-PeerGC.debug.xcconfig */ = {isa = PBXFileReference; includeInIndex = 1; lastKnownFileType = text.xcconfig; name = "Pods-PeerGC.debug.xcconfig"; path = "Target Support Files/Pods-PeerGC/Pods-PeerGC.debug.xcconfig"; sourceTree = "<group>"; };
		530E4F3AEB6C3F3F6E89427D /* Pods-PeerGCTests.release.xcconfig */ = {isa = PBXFileReference; includeInIndex = 1; lastKnownFileType = text.xcconfig; name = "Pods-PeerGCTests.release.xcconfig"; path = "Target Support Files/Pods-PeerGCTests/Pods-PeerGCTests.release.xcconfig"; sourceTree = "<group>"; };
		66C0E251F324CE834D1F4904 /* libPods-PeerGC.a */ = {isa = PBXFileReference; explicitFileType = archive.ar; includeInIndex = 0; path = "libPods-PeerGC.a"; sourceTree = BUILT_PRODUCTS_DIR; };
		6A01B71C29AAD7368AF24811 /* libPods-PeerGC-PeerGCUITests.a */ = {isa = PBXFileReference; explicitFileType = archive.ar; includeInIndex = 0; path = "libPods-PeerGC-PeerGCUITests.a"; sourceTree = BUILT_PRODUCTS_DIR; };
		9FA997A9A3CC68D0F1436207 /* Pods-PeerGC.release.xcconfig */ = {isa = PBXFileReference; includeInIndex = 1; lastKnownFileType = text.xcconfig; name = "Pods-PeerGC.release.xcconfig"; path = "Target Support Files/Pods-PeerGC/Pods-PeerGC.release.xcconfig"; sourceTree = "<group>"; };
		C1456880FC2D602A043006C6 /* libPods-PeerGCTests.a */ = {isa = PBXFileReference; explicitFileType = archive.ar; includeInIndex = 0; path = "libPods-PeerGCTests.a"; sourceTree = BUILT_PRODUCTS_DIR; };
		C700B13F23EB644400816708 /* lastNames.txt */ = {isa = PBXFileReference; fileEncoding = 4; lastKnownFileType = text; path = lastNames.txt; sourceTree = "<group>"; };
		C700B14123EB644F00816708 /* zipCodesToValue.csv */ = {isa = PBXFileReference; fileEncoding = 4; lastKnownFileType = text; path = zipCodesToValue.csv; sourceTree = "<group>"; };
		C700B14223EB646800816708 /* zipCodesToLocation.csv */ = {isa = PBXFileReference; fileEncoding = 4; lastKnownFileType = text; path = zipCodesToLocation.csv; sourceTree = "<group>"; };
		C700B14323EB647100816708 /* zipCodes.txt */ = {isa = PBXFileReference; fileEncoding = 4; lastKnownFileType = text; path = zipCodes.txt; sourceTree = "<group>"; };
		C700B14D23EB64B500816708 /* ProfilePictureViewController.swift */ = {isa = PBXFileReference; fileEncoding = 4; lastKnownFileType = sourcecode.swift; path = ProfilePictureViewController.swift; sourceTree = "<group>"; };
		C700B14E23EB64C100816708 /* EnterPasswordViewController.swift */ = {isa = PBXFileReference; fileEncoding = 4; lastKnownFileType = sourcecode.swift; path = EnterPasswordViewController.swift; sourceTree = "<group>"; };
		C700B14F23EB64CD00816708 /* InterestViewController.swift */ = {isa = PBXFileReference; fileEncoding = 4; lastKnownFileType = sourcecode.swift; path = InterestViewController.swift; sourceTree = "<group>"; };
		C700B15023EB64D800816708 /* HomeViewController.swift */ = {isa = PBXFileReference; fileEncoding = 4; lastKnownFileType = sourcecode.swift; path = HomeViewController.swift; sourceTree = "<group>"; };
		C700B15123EB64E500816708 /* EmailViewController.swift */ = {isa = PBXFileReference; fileEncoding = 4; lastKnownFileType = sourcecode.swift; path = EmailViewController.swift; sourceTree = "<group>"; };
		C700B15223EB64EF00816708 /* SpashScreenViewController.swift */ = {isa = PBXFileReference; fileEncoding = 4; lastKnownFileType = sourcecode.swift; path = SpashScreenViewController.swift; sourceTree = "<group>"; };
		C700B15323EB64F600816708 /* AccountTypeViewController.swift */ = {isa = PBXFileReference; fileEncoding = 4; lastKnownFileType = sourcecode.swift; path = AccountTypeViewController.swift; sourceTree = "<group>"; };
		C700B15423EB650500816708 /* AccountInfoViewController.swift */ = {isa = PBXFileReference; fileEncoding = 4; lastKnownFileType = sourcecode.swift; path = AccountInfoViewController.swift; sourceTree = "<group>"; };
		C700B15723EB650F00816708 /* CreateNameViewController.swift */ = {isa = PBXFileReference; fileEncoding = 4; lastKnownFileType = sourcecode.swift; path = CreateNameViewController.swift; sourceTree = "<group>"; };
		C700B15823EB651F00816708 /* EntranceViewController.swift */ = {isa = PBXFileReference; fileEncoding = 4; lastKnownFileType = sourcecode.swift; path = EntranceViewController.swift; sourceTree = "<group>"; };
		C700B15B23EB652800816708 /* ZipCodeViewController.swift */ = {isa = PBXFileReference; fileEncoding = 4; lastKnownFileType = sourcecode.swift; path = ZipCodeViewController.swift; sourceTree = "<group>"; };
		C700B15C23EB653400816708 /* CreatePasswordViewController.swift */ = {isa = PBXFileReference; fileEncoding = 4; lastKnownFileType = sourcecode.swift; path = CreatePasswordViewController.swift; sourceTree = "<group>"; };
		C700B15D23EB654000816708 /* GenderViewController.swift */ = {isa = PBXFileReference; fileEncoding = 4; lastKnownFileType = sourcecode.swift; path = GenderViewController.swift; sourceTree = "<group>"; };
		C700B15E23EB654D00816708 /* ResetPasswordViewController.swift */ = {isa = PBXFileReference; fileEncoding = 4; lastKnownFileType = sourcecode.swift; path = ResetPasswordViewController.swift; sourceTree = "<group>"; };
		C700B16423EB655500816708 /* RaceViewController.swift */ = {isa = PBXFileReference; fileEncoding = 4; lastKnownFileType = sourcecode.swift; path = RaceViewController.swift; sourceTree = "<group>"; };
		C700B16C23EB692C00816708 /* LexendDeca-Regular.ttf */ = {isa = PBXFileReference; lastKnownFileType = file; path = "LexendDeca-Regular.ttf"; sourceTree = "<group>"; };
		C75F3CF423EB570700C7B5E5 /* PeerGC.app */ = {isa = PBXFileReference; explicitFileType = wrapper.application; includeInIndex = 0; path = PeerGC.app; sourceTree = BUILT_PRODUCTS_DIR; };
		C75F3CFE23EB570700C7B5E5 /* Base */ = {isa = PBXFileReference; lastKnownFileType = file.storyboard; name = Base; path = Base.lproj/Main.storyboard; sourceTree = "<group>"; };
		C75F3D0023EB570B00C7B5E5 /* Assets.xcassets */ = {isa = PBXFileReference; lastKnownFileType = folder.assetcatalog; path = Assets.xcassets; sourceTree = "<group>"; };
		C75F3D0323EB570B00C7B5E5 /* Base */ = {isa = PBXFileReference; lastKnownFileType = file.storyboard; name = Base; path = Base.lproj/LaunchScreen.storyboard; sourceTree = "<group>"; };
		C75F3D0523EB570B00C7B5E5 /* Info.plist */ = {isa = PBXFileReference; lastKnownFileType = text.plist.xml; path = Info.plist; sourceTree = "<group>"; };
		C75F3D0A23EB570B00C7B5E5 /* PeerGCTests.xctest */ = {isa = PBXFileReference; explicitFileType = wrapper.cfbundle; includeInIndex = 0; path = PeerGCTests.xctest; sourceTree = BUILT_PRODUCTS_DIR; };
		C75F3D0E23EB570B00C7B5E5 /* PeerGCTests.swift */ = {isa = PBXFileReference; lastKnownFileType = sourcecode.swift; path = PeerGCTests.swift; sourceTree = "<group>"; };
		C75F3D1023EB570B00C7B5E5 /* Info.plist */ = {isa = PBXFileReference; lastKnownFileType = text.plist.xml; path = Info.plist; sourceTree = "<group>"; };
		C75F3D1523EB570B00C7B5E5 /* PeerGCUITests.xctest */ = {isa = PBXFileReference; explicitFileType = wrapper.cfbundle; includeInIndex = 0; path = PeerGCUITests.xctest; sourceTree = BUILT_PRODUCTS_DIR; };
		C75F3D1923EB570B00C7B5E5 /* PeerGCUITests.swift */ = {isa = PBXFileReference; lastKnownFileType = sourcecode.swift; path = PeerGCUITests.swift; sourceTree = "<group>"; };
		C75F3D1B23EB570B00C7B5E5 /* Info.plist */ = {isa = PBXFileReference; lastKnownFileType = text.plist.xml; path = Info.plist; sourceTree = "<group>"; };
		C75F3D2923EB58DB00C7B5E5 /* AppDelegate.swift */ = {isa = PBXFileReference; fileEncoding = 4; lastKnownFileType = sourcecode.swift; path = AppDelegate.swift; sourceTree = "<group>"; };
		C75F3D2A23EB58E300C7B5E5 /* SceneDelegate.swift */ = {isa = PBXFileReference; fileEncoding = 4; lastKnownFileType = sourcecode.swift; path = SceneDelegate.swift; sourceTree = "<group>"; };
		C791D8BA24AA825B00358EB8 /* PeerGC.entitlements */ = {isa = PBXFileReference; lastKnownFileType = text.plist.entitlements; path = PeerGC.entitlements; sourceTree = "<group>"; };
		C791D8BB24AA8DAF00358EB8 /* firstNames.txt */ = {isa = PBXFileReference; fileEncoding = 4; lastKnownFileType = text; path = firstNames.txt; sourceTree = "<group>"; };
		C797D85C24AD08AC0060FFDB /* MatchingViewController.swift */ = {isa = PBXFileReference; lastKnownFileType = sourcecode.swift; path = MatchingViewController.swift; sourceTree = "<group>"; };
		C797D85E24AD99580060FFDB /* ChatViewController.swift */ = {isa = PBXFileReference; lastKnownFileType = sourcecode.swift; path = ChatViewController.swift; sourceTree = "<group>"; };
		C79ED2AD24AF151B00DC5239 /* UIButtonExtension.swift */ = {isa = PBXFileReference; fileEncoding = 4; lastKnownFileType = sourcecode.swift; path = UIButtonExtension.swift; sourceTree = "<group>"; };
		C7B0D1B1249B1BD700476FB1 /* firstNames.txt */ = {isa = PBXFileReference; lastKnownFileType = text; name = firstNames.txt; path = PeerGC/Utilities/Resources/firstNames.txt; sourceTree = "<group>"; };
		C7CC451C23EB5A8400A086D7 /* GoogleService-Info.plist */ = {isa = PBXFileReference; fileEncoding = 4; lastKnownFileType = text.plist.xml; path = "GoogleService-Info.plist"; sourceTree = "<group>"; };
		C7CC452123EB5ACC00A086D7 /* UITextField+Extensions.swift */ = {isa = PBXFileReference; fileEncoding = 4; lastKnownFileType = sourcecode.swift; path = "UITextField+Extensions.swift"; sourceTree = "<group>"; };
		C7CC452223EB5AD600A086D7 /* Customizables.swift */ = {isa = PBXFileReference; fileEncoding = 4; lastKnownFileType = sourcecode.swift; path = Customizables.swift; sourceTree = "<group>"; };
		C7CC452323EB5AE200A086D7 /* Utilities.swift */ = {isa = PBXFileReference; fileEncoding = 4; lastKnownFileType = sourcecode.swift; path = Utilities.swift; sourceTree = "<group>"; };
		C8A392683219D8AC8F84EBF9 /* Pods-PeerGC-PeerGCUITests.release.xcconfig */ = {isa = PBXFileReference; includeInIndex = 1; lastKnownFileType = text.xcconfig; name = "Pods-PeerGC-PeerGCUITests.release.xcconfig"; path = "Target Support Files/Pods-PeerGC-PeerGCUITests/Pods-PeerGC-PeerGCUITests.release.xcconfig"; sourceTree = "<group>"; };
		CCACDC72E4D562204D92F2CF /* Pods-PeerGCTests.debug.xcconfig */ = {isa = PBXFileReference; includeInIndex = 1; lastKnownFileType = text.xcconfig; name = "Pods-PeerGCTests.debug.xcconfig"; path = "Target Support Files/Pods-PeerGCTests/Pods-PeerGCTests.debug.xcconfig"; sourceTree = "<group>"; };
		D3F1A39E554B501C0517EF0D /* Pods-PeerGC-PeerGCUITests.debug.xcconfig */ = {isa = PBXFileReference; includeInIndex = 1; lastKnownFileType = text.xcconfig; name = "Pods-PeerGC-PeerGCUITests.debug.xcconfig"; path = "Target Support Files/Pods-PeerGC-PeerGCUITests/Pods-PeerGC-PeerGCUITests.debug.xcconfig"; sourceTree = "<group>"; };
/* End PBXFileReference section */

/* Begin PBXFrameworksBuildPhase section */
		C75F3CF123EB570700C7B5E5 /* Frameworks */ = {
			isa = PBXFrameworksBuildPhase;
			buildActionMask = 2147483647;
			files = (
				DA3F0F5F12A561161DD674C8 /* libPods-PeerGC.a in Frameworks */,
			);
			runOnlyForDeploymentPostprocessing = 0;
		};
		C75F3D0723EB570B00C7B5E5 /* Frameworks */ = {
			isa = PBXFrameworksBuildPhase;
			buildActionMask = 2147483647;
			files = (
				1393A95F81D62CCAD6CD4AC8 /* libPods-PeerGCTests.a in Frameworks */,
			);
			runOnlyForDeploymentPostprocessing = 0;
		};
		C75F3D1223EB570B00C7B5E5 /* Frameworks */ = {
			isa = PBXFrameworksBuildPhase;
			buildActionMask = 2147483647;
			files = (
				6C84F2F126C7E9340B75FDB9 /* libPods-PeerGC-PeerGCUITests.a in Frameworks */,
			);
			runOnlyForDeploymentPostprocessing = 0;
		};
/* End PBXFrameworksBuildPhase section */

/* Begin PBXGroup section */
		5DE275F85833841A72AC1B29 /* Pods */ = {
			isa = PBXGroup;
			children = (
				026F7EE1B8230DEBB71B0E1C /* Pods-PeerGC.debug.xcconfig */,
				9FA997A9A3CC68D0F1436207 /* Pods-PeerGC.release.xcconfig */,
				D3F1A39E554B501C0517EF0D /* Pods-PeerGC-PeerGCUITests.debug.xcconfig */,
				C8A392683219D8AC8F84EBF9 /* Pods-PeerGC-PeerGCUITests.release.xcconfig */,
				CCACDC72E4D562204D92F2CF /* Pods-PeerGCTests.debug.xcconfig */,
				530E4F3AEB6C3F3F6E89427D /* Pods-PeerGCTests.release.xcconfig */,
			);
			path = Pods;
			sourceTree = "<group>";
		};
		92C4E153C3D9A1845A2407C8 /* Frameworks */ = {
			isa = PBXGroup;
			children = (
				66C0E251F324CE834D1F4904 /* libPods-PeerGC.a */,
				6A01B71C29AAD7368AF24811 /* libPods-PeerGC-PeerGCUITests.a */,
				C1456880FC2D602A043006C6 /* libPods-PeerGCTests.a */,
			);
			name = Frameworks;
			sourceTree = "<group>";
		};
		C700B13E23EB644400816708 /* View Controllers */ = {
			isa = PBXGroup;
			children = (
				C700B14C23EB649700816708 /* Splash Flow */,
				C700B14B23EB649100816708 /* Home Flow */,
				C700B14A23EB648300816708 /* Continue With Email Flow */,
				C700B14923EB647900816708 /* Additional Account Information Flow */,
			);
			path = "View Controllers";
			sourceTree = "<group>";
		};
		C700B14923EB647900816708 /* Additional Account Information Flow */ = {
			isa = PBXGroup;
			children = (
				C700B15323EB64F600816708 /* AccountTypeViewController.swift */,
				C700B15D23EB654000816708 /* GenderViewController.swift */,
				C700B14F23EB64CD00816708 /* InterestViewController.swift */,
				C700B14D23EB64B500816708 /* ProfilePictureViewController.swift */,
				C700B16423EB655500816708 /* RaceViewController.swift */,
				C700B15B23EB652800816708 /* ZipCodeViewController.swift */,
				C797D85C24AD08AC0060FFDB /* MatchingViewController.swift */,
			);
			path = "Additional Account Information Flow";
			sourceTree = "<group>";
		};
		C700B14A23EB648300816708 /* Continue With Email Flow */ = {
			isa = PBXGroup;
			children = (
				C700B15723EB650F00816708 /* CreateNameViewController.swift */,
				C700B15C23EB653400816708 /* CreatePasswordViewController.swift */,
				C700B15123EB64E500816708 /* EmailViewController.swift */,
				C700B14E23EB64C100816708 /* EnterPasswordViewController.swift */,
				C700B15E23EB654D00816708 /* ResetPasswordViewController.swift */,
			);
			name = "Continue With Email Flow";
			path = "New Group1";
			sourceTree = "<group>";
		};
		C700B14B23EB649100816708 /* Home Flow */ = {
			isa = PBXGroup;
			children = (
				C700B15423EB650500816708 /* AccountInfoViewController.swift */,
				C700B15023EB64D800816708 /* HomeViewController.swift */,
				C797D85E24AD99580060FFDB /* ChatViewController.swift */,
			);
			path = "Home Flow";
			sourceTree = "<group>";
		};
		C700B14C23EB649700816708 /* Splash Flow */ = {
			isa = PBXGroup;
			children = (
				C700B15823EB651F00816708 /* EntranceViewController.swift */,
				C700B15223EB64EF00816708 /* SpashScreenViewController.swift */,
			);
			name = "Splash Flow";
			path = "New Group2";
			sourceTree = "<group>";
		};
		C700B16D23EB696000816708 /* Storyboards */ = {
			isa = PBXGroup;
			children = (
				C75F3D0223EB570B00C7B5E5 /* LaunchScreen.storyboard */,
				C75F3CFD23EB570700C7B5E5 /* Main.storyboard */,
			);
			name = Storyboards;
			sourceTree = "<group>";
		};
		C75F3CEB23EB570700C7B5E5 = {
			isa = PBXGroup;
			children = (
				C7B0D1B1249B1BD700476FB1 /* firstNames.txt */,
				C75F3CF623EB570700C7B5E5 /* PeerGC */,
				C75F3D0D23EB570B00C7B5E5 /* PeerGCTests */,
				C75F3D1823EB570B00C7B5E5 /* PeerGCUITests */,
				C75F3CF523EB570700C7B5E5 /* Products */,
				5DE275F85833841A72AC1B29 /* Pods */,
				92C4E153C3D9A1845A2407C8 /* Frameworks */,
			);
			sourceTree = "<group>";
		};
		C75F3CF523EB570700C7B5E5 /* Products */ = {
			isa = PBXGroup;
			children = (
				C75F3CF423EB570700C7B5E5 /* PeerGC.app */,
				C75F3D0A23EB570B00C7B5E5 /* PeerGCTests.xctest */,
				C75F3D1523EB570B00C7B5E5 /* PeerGCUITests.xctest */,
			);
			name = Products;
			sourceTree = "<group>";
		};
		C75F3CF623EB570700C7B5E5 /* PeerGC */ = {
			isa = PBXGroup;
			children = (
				C791D8BA24AA825B00358EB8 /* PeerGC.entitlements */,
				C700B16D23EB696000816708 /* Storyboards */,
				C75F3D0023EB570B00C7B5E5 /* Assets.xcassets */,
				C75F3D2823EB588E00C7B5E5 /* Default Delegates */,
				C7CC451E23EB5A9D00A086D7 /* Utilities */,
				C7CC451B23EB5A7200A086D7 /* Info */,
				C700B13E23EB644400816708 /* View Controllers */,
			);
			path = PeerGC;
			sourceTree = "<group>";
		};
		C75F3D0D23EB570B00C7B5E5 /* PeerGCTests */ = {
			isa = PBXGroup;
			children = (
				C75F3D0E23EB570B00C7B5E5 /* PeerGCTests.swift */,
				C75F3D1023EB570B00C7B5E5 /* Info.plist */,
			);
			path = PeerGCTests;
			sourceTree = "<group>";
		};
		C75F3D1823EB570B00C7B5E5 /* PeerGCUITests */ = {
			isa = PBXGroup;
			children = (
				C75F3D1923EB570B00C7B5E5 /* PeerGCUITests.swift */,
				C75F3D1B23EB570B00C7B5E5 /* Info.plist */,
			);
			path = PeerGCUITests;
			sourceTree = "<group>";
		};
		C75F3D2823EB588E00C7B5E5 /* Default Delegates */ = {
			isa = PBXGroup;
			children = (
				C75F3D2923EB58DB00C7B5E5 /* AppDelegate.swift */,
				C75F3D2A23EB58E300C7B5E5 /* SceneDelegate.swift */,
			);
			path = "Default Delegates";
			sourceTree = "<group>";
		};
		C7CC451B23EB5A7200A086D7 /* Info */ = {
			isa = PBXGroup;
			children = (
				C75F3D0523EB570B00C7B5E5 /* Info.plist */,
				C7CC451C23EB5A8400A086D7 /* GoogleService-Info.plist */,
			);
			name = Info;
			sourceTree = "<group>";
		};
		C7CC451E23EB5A9D00A086D7 /* Utilities */ = {
			isa = PBXGroup;
			children = (
				C7CC452023EB5AB000A086D7 /* Resources */,
				C7CC451F23EB5AAA00A086D7 /* Code */,
			);
			path = Utilities;
			sourceTree = "<group>";
		};
		C7CC451F23EB5AAA00A086D7 /* Code */ = {
			isa = PBXGroup;
			children = (
				C79ED2AD24AF151B00DC5239 /* UIButtonExtension.swift */,
				C7CC452223EB5AD600A086D7 /* Customizables.swift */,
				C7CC452123EB5ACC00A086D7 /* UITextField+Extensions.swift */,
				C7CC452323EB5AE200A086D7 /* Utilities.swift */,
			);
			path = Code;
			sourceTree = "<group>";
		};
		C7CC452023EB5AB000A086D7 /* Resources */ = {
			isa = PBXGroup;
			children = (
				C791D8BB24AA8DAF00358EB8 /* firstNames.txt */,
				C700B16C23EB692C00816708 /* LexendDeca-Regular.ttf */,
				C700B13F23EB644400816708 /* lastNames.txt */,
				C700B14323EB647100816708 /* zipCodes.txt */,
				C700B14223EB646800816708 /* zipCodesToLocation.csv */,
				C700B14123EB644F00816708 /* zipCodesToValue.csv */,
			);
			path = Resources;
			sourceTree = "<group>";
		};
/* End PBXGroup section */

/* Begin PBXNativeTarget section */
		C75F3CF323EB570700C7B5E5 /* PeerGC */ = {
			isa = PBXNativeTarget;
			buildConfigurationList = C75F3D1E23EB570B00C7B5E5 /* Build configuration list for PBXNativeTarget "PeerGC" */;
			buildPhases = (
				C4CD127EB9B155827235EE56 /* [CP] Check Pods Manifest.lock */,
				C75F3CF023EB570700C7B5E5 /* Sources */,
				C75F3CF123EB570700C7B5E5 /* Frameworks */,
				C75F3CF223EB570700C7B5E5 /* Resources */,
				E3E84B44DACD59DE2B2C31FA /* [CP] Copy Pods Resources */,
				C72E232924AE5DEA00550FD9 /* ShellScript */,
			);
			buildRules = (
			);
			dependencies = (
			);
			name = PeerGC;
			productName = PeerGC;
			productReference = C75F3CF423EB570700C7B5E5 /* PeerGC.app */;
			productType = "com.apple.product-type.application";
		};
		C75F3D0923EB570B00C7B5E5 /* PeerGCTests */ = {
			isa = PBXNativeTarget;
			buildConfigurationList = C75F3D2123EB570B00C7B5E5 /* Build configuration list for PBXNativeTarget "PeerGCTests" */;
			buildPhases = (
				FC3F6453E000BD6ACAB67240 /* [CP] Check Pods Manifest.lock */,
				C75F3D0623EB570B00C7B5E5 /* Sources */,
				C75F3D0723EB570B00C7B5E5 /* Frameworks */,
				C75F3D0823EB570B00C7B5E5 /* Resources */,
			);
			buildRules = (
			);
			dependencies = (
				C75F3D0C23EB570B00C7B5E5 /* PBXTargetDependency */,
			);
			name = PeerGCTests;
			productName = PeerGCTests;
			productReference = C75F3D0A23EB570B00C7B5E5 /* PeerGCTests.xctest */;
			productType = "com.apple.product-type.bundle.unit-test";
		};
		C75F3D1423EB570B00C7B5E5 /* PeerGCUITests */ = {
			isa = PBXNativeTarget;
			buildConfigurationList = C75F3D2423EB570B00C7B5E5 /* Build configuration list for PBXNativeTarget "PeerGCUITests" */;
			buildPhases = (
				C40C261384B34FBB1D1E3EC8 /* [CP] Check Pods Manifest.lock */,
				C75F3D1123EB570B00C7B5E5 /* Sources */,
				C75F3D1223EB570B00C7B5E5 /* Frameworks */,
				C75F3D1323EB570B00C7B5E5 /* Resources */,
				33865CB32FB2F8DE386A2B3A /* [CP] Copy Pods Resources */,
			);
			buildRules = (
			);
			dependencies = (
				C75F3D1723EB570B00C7B5E5 /* PBXTargetDependency */,
			);
			name = PeerGCUITests;
			productName = PeerGCUITests;
			productReference = C75F3D1523EB570B00C7B5E5 /* PeerGCUITests.xctest */;
			productType = "com.apple.product-type.bundle.ui-testing";
		};
/* End PBXNativeTarget section */

/* Begin PBXProject section */
		C75F3CEC23EB570700C7B5E5 /* Project object */ = {
			isa = PBXProject;
			attributes = {
				LastSwiftUpdateCheck = 1130;
				LastUpgradeCheck = 1150;
				ORGANIZATIONNAME = "AJ Radik";
				TargetAttributes = {
					C75F3CF323EB570700C7B5E5 = {
						CreatedOnToolsVersion = 11.3.1;
					};
					C75F3D0923EB570B00C7B5E5 = {
						CreatedOnToolsVersion = 11.3.1;
						TestTargetID = C75F3CF323EB570700C7B5E5;
					};
					C75F3D1423EB570B00C7B5E5 = {
						CreatedOnToolsVersion = 11.3.1;
						TestTargetID = C75F3CF323EB570700C7B5E5;
					};
				};
			};
			buildConfigurationList = C75F3CEF23EB570700C7B5E5 /* Build configuration list for PBXProject "PeerGC" */;
			compatibilityVersion = "Xcode 9.3";
			developmentRegion = en;
			hasScannedForEncodings = 0;
			knownRegions = (
				en,
				Base,
			);
			mainGroup = C75F3CEB23EB570700C7B5E5;
			productRefGroup = C75F3CF523EB570700C7B5E5 /* Products */;
			projectDirPath = "";
			projectRoot = "";
			targets = (
				C75F3CF323EB570700C7B5E5 /* PeerGC */,
				C75F3D0923EB570B00C7B5E5 /* PeerGCTests */,
				C75F3D1423EB570B00C7B5E5 /* PeerGCUITests */,
			);
		};
/* End PBXProject section */

/* Begin PBXResourcesBuildPhase section */
		C75F3CF223EB570700C7B5E5 /* Resources */ = {
			isa = PBXResourcesBuildPhase;
			buildActionMask = 2147483647;
			files = (
				C7B0D1B2249B1BD700476FB1 /* firstNames.txt in Resources */,
				C700B16E23EB6C9400816708 /* LexendDeca-Regular.ttf in Resources */,
				C700B14623EB647100816708 /* zipCodesToValue.csv in Resources */,
				C700B14823EB647100816708 /* zipCodes.txt in Resources */,
				C75F3D0423EB570B00C7B5E5 /* LaunchScreen.storyboard in Resources */,
				C7CC451D23EB5A8400A086D7 /* GoogleService-Info.plist in Resources */,
				C700B14423EB647100816708 /* lastNames.txt in Resources */,
				C700B14723EB647100816708 /* zipCodesToLocation.csv in Resources */,
				C75F3D0123EB570B00C7B5E5 /* Assets.xcassets in Resources */,
				C75F3CFF23EB570700C7B5E5 /* Main.storyboard in Resources */,
			);
			runOnlyForDeploymentPostprocessing = 0;
		};
		C75F3D0823EB570B00C7B5E5 /* Resources */ = {
			isa = PBXResourcesBuildPhase;
			buildActionMask = 2147483647;
			files = (
			);
			runOnlyForDeploymentPostprocessing = 0;
		};
		C75F3D1323EB570B00C7B5E5 /* Resources */ = {
			isa = PBXResourcesBuildPhase;
			buildActionMask = 2147483647;
			files = (
			);
			runOnlyForDeploymentPostprocessing = 0;
		};
/* End PBXResourcesBuildPhase section */

/* Begin PBXShellScriptBuildPhase section */
		33865CB32FB2F8DE386A2B3A /* [CP] Copy Pods Resources */ = {
			isa = PBXShellScriptBuildPhase;
			buildActionMask = 2147483647;
			files = (
			);
			inputFileListPaths = (
				"${PODS_ROOT}/Target Support Files/Pods-PeerGC-PeerGCUITests/Pods-PeerGC-PeerGCUITests-resources-${CONFIGURATION}-input-files.xcfilelist",
			);
			name = "[CP] Copy Pods Resources";
			outputFileListPaths = (
				"${PODS_ROOT}/Target Support Files/Pods-PeerGC-PeerGCUITests/Pods-PeerGC-PeerGCUITests-resources-${CONFIGURATION}-output-files.xcfilelist",
			);
			runOnlyForDeploymentPostprocessing = 0;
			shellPath = /bin/sh;
			shellScript = "\"${PODS_ROOT}/Target Support Files/Pods-PeerGC-PeerGCUITests/Pods-PeerGC-PeerGCUITests-resources.sh\"\n";
			showEnvVarsInLog = 0;
		};
		C40C261384B34FBB1D1E3EC8 /* [CP] Check Pods Manifest.lock */ = {
			isa = PBXShellScriptBuildPhase;
			buildActionMask = 2147483647;
			files = (
			);
			inputFileListPaths = (
			);
			inputPaths = (
				"${PODS_PODFILE_DIR_PATH}/Podfile.lock",
				"${PODS_ROOT}/Manifest.lock",
			);
			name = "[CP] Check Pods Manifest.lock";
			outputFileListPaths = (
			);
			outputPaths = (
				"$(DERIVED_FILE_DIR)/Pods-PeerGC-PeerGCUITests-checkManifestLockResult.txt",
			);
			runOnlyForDeploymentPostprocessing = 0;
			shellPath = /bin/sh;
			shellScript = "diff \"${PODS_PODFILE_DIR_PATH}/Podfile.lock\" \"${PODS_ROOT}/Manifest.lock\" > /dev/null\nif [ $? != 0 ] ; then\n    # print error to STDERR\n    echo \"error: The sandbox is not in sync with the Podfile.lock. Run 'pod install' or update your CocoaPods installation.\" >&2\n    exit 1\nfi\n# This output is used by Xcode 'outputs' to avoid re-running this script phase.\necho \"SUCCESS\" > \"${SCRIPT_OUTPUT_FILE_0}\"\n";
			showEnvVarsInLog = 0;
		};
		C4CD127EB9B155827235EE56 /* [CP] Check Pods Manifest.lock */ = {
			isa = PBXShellScriptBuildPhase;
			buildActionMask = 2147483647;
			files = (
			);
			inputFileListPaths = (
			);
			inputPaths = (
				"${PODS_PODFILE_DIR_PATH}/Podfile.lock",
				"${PODS_ROOT}/Manifest.lock",
			);
			name = "[CP] Check Pods Manifest.lock";
			outputFileListPaths = (
			);
			outputPaths = (
				"$(DERIVED_FILE_DIR)/Pods-PeerGC-checkManifestLockResult.txt",
			);
			runOnlyForDeploymentPostprocessing = 0;
			shellPath = /bin/sh;
			shellScript = "diff \"${PODS_PODFILE_DIR_PATH}/Podfile.lock\" \"${PODS_ROOT}/Manifest.lock\" > /dev/null\nif [ $? != 0 ] ; then\n    # print error to STDERR\n    echo \"error: The sandbox is not in sync with the Podfile.lock. Run 'pod install' or update your CocoaPods installation.\" >&2\n    exit 1\nfi\n# This output is used by Xcode 'outputs' to avoid re-running this script phase.\necho \"SUCCESS\" > \"${SCRIPT_OUTPUT_FILE_0}\"\n";
			showEnvVarsInLog = 0;
		};
		C72E232924AE5DEA00550FD9 /* ShellScript */ = {
			isa = PBXShellScriptBuildPhase;
			buildActionMask = 2147483647;
			files = (
			);
			inputFileListPaths = (
			);
			inputPaths = (
				"${DWARF_DSYM_FOLDER_PATH}/${DWARF_DSYM_FILE_NAME}/Contents/Resources/DWARF/${TARGET_NAME}",
				"$(SRCROOT)/$(BUILT_PRODUCTS_DIR)/$(INFOPLIST_PATH)",
			);
			outputFileListPaths = (
			);
			outputPaths = (
			);
			runOnlyForDeploymentPostprocessing = 0;
			shellPath = /bin/sh;
			shellScript = "# Type a script or drag a script file from your workspace to insert its path.\n\"${PODS_ROOT}/FirebaseCrashlytics/run\"\n";
		};
		E3E84B44DACD59DE2B2C31FA /* [CP] Copy Pods Resources */ = {
			isa = PBXShellScriptBuildPhase;
			buildActionMask = 2147483647;
			files = (
			);
			inputFileListPaths = (
				"${PODS_ROOT}/Target Support Files/Pods-PeerGC/Pods-PeerGC-resources-${CONFIGURATION}-input-files.xcfilelist",
			);
			name = "[CP] Copy Pods Resources";
			outputFileListPaths = (
				"${PODS_ROOT}/Target Support Files/Pods-PeerGC/Pods-PeerGC-resources-${CONFIGURATION}-output-files.xcfilelist",
			);
			runOnlyForDeploymentPostprocessing = 0;
			shellPath = /bin/sh;
			shellScript = "\"${PODS_ROOT}/Target Support Files/Pods-PeerGC/Pods-PeerGC-resources.sh\"\n";
			showEnvVarsInLog = 0;
		};
		FC3F6453E000BD6ACAB67240 /* [CP] Check Pods Manifest.lock */ = {
			isa = PBXShellScriptBuildPhase;
			buildActionMask = 2147483647;
			files = (
			);
			inputFileListPaths = (
			);
			inputPaths = (
				"${PODS_PODFILE_DIR_PATH}/Podfile.lock",
				"${PODS_ROOT}/Manifest.lock",
			);
			name = "[CP] Check Pods Manifest.lock";
			outputFileListPaths = (
			);
			outputPaths = (
				"$(DERIVED_FILE_DIR)/Pods-PeerGCTests-checkManifestLockResult.txt",
			);
			runOnlyForDeploymentPostprocessing = 0;
			shellPath = /bin/sh;
			shellScript = "diff \"${PODS_PODFILE_DIR_PATH}/Podfile.lock\" \"${PODS_ROOT}/Manifest.lock\" > /dev/null\nif [ $? != 0 ] ; then\n    # print error to STDERR\n    echo \"error: The sandbox is not in sync with the Podfile.lock. Run 'pod install' or update your CocoaPods installation.\" >&2\n    exit 1\nfi\n# This output is used by Xcode 'outputs' to avoid re-running this script phase.\necho \"SUCCESS\" > \"${SCRIPT_OUTPUT_FILE_0}\"\n";
			showEnvVarsInLog = 0;
		};
/* End PBXShellScriptBuildPhase section */

/* Begin PBXSourcesBuildPhase section */
		C75F3CF023EB570700C7B5E5 /* Sources */ = {
			isa = PBXSourcesBuildPhase;
			buildActionMask = 2147483647;
			files = (
				C700B15923EB651F00816708 /* SpashScreenViewController.swift in Sources */,
				C700B16523EB655500816708 /* ProfilePictureViewController.swift in Sources */,
				C797D85F24AD99580060FFDB /* ChatViewController.swift in Sources */,
				C7CC452623EB5AE300A086D7 /* Utilities.swift in Sources */,
				C75F3D2B23EB58E300C7B5E5 /* AppDelegate.swift in Sources */,
				C700B16623EB655500816708 /* InterestViewController.swift in Sources */,
				C7CC452423EB5AE300A086D7 /* UITextField+Extensions.swift in Sources */,
				C79ED2AE24AF151B00DC5239 /* UIButtonExtension.swift in Sources */,
				C700B16223EB654D00816708 /* CreatePasswordViewController.swift in Sources */,
				C700B16823EB655500816708 /* ZipCodeViewController.swift in Sources */,
				C700B15623EB650500816708 /* AccountInfoViewController.swift in Sources */,
				C797D85D24AD08AC0060FFDB /* MatchingViewController.swift in Sources */,
				C700B16123EB654D00816708 /* CreateNameViewController.swift in Sources */,
				C75F3D2C23EB58E300C7B5E5 /* SceneDelegate.swift in Sources */,
				C700B15A23EB651F00816708 /* EntranceViewController.swift in Sources */,
				C7CC452523EB5AE300A086D7 /* Customizables.swift in Sources */,
				C700B15F23EB654D00816708 /* EnterPasswordViewController.swift in Sources */,
				C700B16023EB654D00816708 /* EmailViewController.swift in Sources */,
				C700B15523EB650500816708 /* HomeViewController.swift in Sources */,
				C700B16723EB655500816708 /* AccountTypeViewController.swift in Sources */,
				C700B16A23EB655500816708 /* RaceViewController.swift in Sources */,
				C700B16323EB654D00816708 /* ResetPasswordViewController.swift in Sources */,
				C700B16923EB655500816708 /* GenderViewController.swift in Sources */,
			);
			runOnlyForDeploymentPostprocessing = 0;
		};
		C75F3D0623EB570B00C7B5E5 /* Sources */ = {
			isa = PBXSourcesBuildPhase;
			buildActionMask = 2147483647;
			files = (
				C75F3D0F23EB570B00C7B5E5 /* PeerGCTests.swift in Sources */,
			);
			runOnlyForDeploymentPostprocessing = 0;
		};
		C75F3D1123EB570B00C7B5E5 /* Sources */ = {
			isa = PBXSourcesBuildPhase;
			buildActionMask = 2147483647;
			files = (
				C75F3D1A23EB570B00C7B5E5 /* PeerGCUITests.swift in Sources */,
			);
			runOnlyForDeploymentPostprocessing = 0;
		};
/* End PBXSourcesBuildPhase section */

/* Begin PBXTargetDependency section */
		C75F3D0C23EB570B00C7B5E5 /* PBXTargetDependency */ = {
			isa = PBXTargetDependency;
			target = C75F3CF323EB570700C7B5E5 /* PeerGC */;
			targetProxy = C75F3D0B23EB570B00C7B5E5 /* PBXContainerItemProxy */;
		};
		C75F3D1723EB570B00C7B5E5 /* PBXTargetDependency */ = {
			isa = PBXTargetDependency;
			target = C75F3CF323EB570700C7B5E5 /* PeerGC */;
			targetProxy = C75F3D1623EB570B00C7B5E5 /* PBXContainerItemProxy */;
		};
/* End PBXTargetDependency section */

/* Begin PBXVariantGroup section */
		C75F3CFD23EB570700C7B5E5 /* Main.storyboard */ = {
			isa = PBXVariantGroup;
			children = (
				C75F3CFE23EB570700C7B5E5 /* Base */,
			);
			name = Main.storyboard;
			sourceTree = "<group>";
		};
		C75F3D0223EB570B00C7B5E5 /* LaunchScreen.storyboard */ = {
			isa = PBXVariantGroup;
			children = (
				C75F3D0323EB570B00C7B5E5 /* Base */,
			);
			name = LaunchScreen.storyboard;
			sourceTree = "<group>";
		};
/* End PBXVariantGroup section */

/* Begin XCBuildConfiguration section */
		C75F3D1C23EB570B00C7B5E5 /* Debug */ = {
			isa = XCBuildConfiguration;
			buildSettings = {
				ALWAYS_SEARCH_USER_PATHS = NO;
				CLANG_ANALYZER_NONNULL = YES;
				CLANG_ANALYZER_NUMBER_OBJECT_CONVERSION = YES_AGGRESSIVE;
				CLANG_CXX_LANGUAGE_STANDARD = "gnu++14";
				CLANG_CXX_LIBRARY = "libc++";
				CLANG_ENABLE_MODULES = YES;
				CLANG_ENABLE_OBJC_ARC = YES;
				CLANG_ENABLE_OBJC_WEAK = YES;
				CLANG_WARN_BLOCK_CAPTURE_AUTORELEASING = YES;
				CLANG_WARN_BOOL_CONVERSION = YES;
				CLANG_WARN_COMMA = YES;
				CLANG_WARN_CONSTANT_CONVERSION = YES;
				CLANG_WARN_DEPRECATED_OBJC_IMPLEMENTATIONS = YES;
				CLANG_WARN_DIRECT_OBJC_ISA_USAGE = YES_ERROR;
				CLANG_WARN_DOCUMENTATION_COMMENTS = YES;
				CLANG_WARN_EMPTY_BODY = YES;
				CLANG_WARN_ENUM_CONVERSION = YES;
				CLANG_WARN_INFINITE_RECURSION = YES;
				CLANG_WARN_INT_CONVERSION = YES;
				CLANG_WARN_NON_LITERAL_NULL_CONVERSION = YES;
				CLANG_WARN_OBJC_IMPLICIT_RETAIN_SELF = YES;
				CLANG_WARN_OBJC_LITERAL_CONVERSION = YES;
				CLANG_WARN_OBJC_ROOT_CLASS = YES_ERROR;
				CLANG_WARN_RANGE_LOOP_ANALYSIS = YES;
				CLANG_WARN_STRICT_PROTOTYPES = YES;
				CLANG_WARN_SUSPICIOUS_MOVE = YES;
				CLANG_WARN_UNGUARDED_AVAILABILITY = YES_AGGRESSIVE;
				CLANG_WARN_UNREACHABLE_CODE = YES;
				CLANG_WARN__DUPLICATE_METHOD_MATCH = YES;
				COPY_PHASE_STRIP = NO;
				DEBUG_INFORMATION_FORMAT = "dwarf-with-dsym";
				ENABLE_STRICT_OBJC_MSGSEND = YES;
				ENABLE_TESTABILITY = YES;
				GCC_C_LANGUAGE_STANDARD = gnu11;
				GCC_DYNAMIC_NO_PIC = NO;
				GCC_NO_COMMON_BLOCKS = YES;
				GCC_OPTIMIZATION_LEVEL = 0;
				GCC_PREPROCESSOR_DEFINITIONS = (
					"DEBUG=1",
					"$(inherited)",
				);
				GCC_WARN_64_TO_32_BIT_CONVERSION = YES;
				GCC_WARN_ABOUT_RETURN_TYPE = YES_ERROR;
				GCC_WARN_UNDECLARED_SELECTOR = YES;
				GCC_WARN_UNINITIALIZED_AUTOS = YES_AGGRESSIVE;
				GCC_WARN_UNUSED_FUNCTION = YES;
				GCC_WARN_UNUSED_VARIABLE = YES;
				IPHONEOS_DEPLOYMENT_TARGET = 13.2;
				MTL_ENABLE_DEBUG_INFO = INCLUDE_SOURCE;
				MTL_FAST_MATH = YES;
				ONLY_ACTIVE_ARCH = YES;
				SDKROOT = iphoneos;
				SWIFT_ACTIVE_COMPILATION_CONDITIONS = DEBUG;
				SWIFT_OPTIMIZATION_LEVEL = "-Onone";
			};
			name = Debug;
		};
		C75F3D1D23EB570B00C7B5E5 /* Release */ = {
			isa = XCBuildConfiguration;
			buildSettings = {
				ALWAYS_SEARCH_USER_PATHS = NO;
				CLANG_ANALYZER_NONNULL = YES;
				CLANG_ANALYZER_NUMBER_OBJECT_CONVERSION = YES_AGGRESSIVE;
				CLANG_CXX_LANGUAGE_STANDARD = "gnu++14";
				CLANG_CXX_LIBRARY = "libc++";
				CLANG_ENABLE_MODULES = YES;
				CLANG_ENABLE_OBJC_ARC = YES;
				CLANG_ENABLE_OBJC_WEAK = YES;
				CLANG_WARN_BLOCK_CAPTURE_AUTORELEASING = YES;
				CLANG_WARN_BOOL_CONVERSION = YES;
				CLANG_WARN_COMMA = YES;
				CLANG_WARN_CONSTANT_CONVERSION = YES;
				CLANG_WARN_DEPRECATED_OBJC_IMPLEMENTATIONS = YES;
				CLANG_WARN_DIRECT_OBJC_ISA_USAGE = YES_ERROR;
				CLANG_WARN_DOCUMENTATION_COMMENTS = YES;
				CLANG_WARN_EMPTY_BODY = YES;
				CLANG_WARN_ENUM_CONVERSION = YES;
				CLANG_WARN_INFINITE_RECURSION = YES;
				CLANG_WARN_INT_CONVERSION = YES;
				CLANG_WARN_NON_LITERAL_NULL_CONVERSION = YES;
				CLANG_WARN_OBJC_IMPLICIT_RETAIN_SELF = YES;
				CLANG_WARN_OBJC_LITERAL_CONVERSION = YES;
				CLANG_WARN_OBJC_ROOT_CLASS = YES_ERROR;
				CLANG_WARN_RANGE_LOOP_ANALYSIS = YES;
				CLANG_WARN_STRICT_PROTOTYPES = YES;
				CLANG_WARN_SUSPICIOUS_MOVE = YES;
				CLANG_WARN_UNGUARDED_AVAILABILITY = YES_AGGRESSIVE;
				CLANG_WARN_UNREACHABLE_CODE = YES;
				CLANG_WARN__DUPLICATE_METHOD_MATCH = YES;
				COPY_PHASE_STRIP = NO;
				DEBUG_INFORMATION_FORMAT = "dwarf-with-dsym";
				ENABLE_NS_ASSERTIONS = NO;
				ENABLE_STRICT_OBJC_MSGSEND = YES;
				GCC_C_LANGUAGE_STANDARD = gnu11;
				GCC_NO_COMMON_BLOCKS = YES;
				GCC_WARN_64_TO_32_BIT_CONVERSION = YES;
				GCC_WARN_ABOUT_RETURN_TYPE = YES_ERROR;
				GCC_WARN_UNDECLARED_SELECTOR = YES;
				GCC_WARN_UNINITIALIZED_AUTOS = YES_AGGRESSIVE;
				GCC_WARN_UNUSED_FUNCTION = YES;
				GCC_WARN_UNUSED_VARIABLE = YES;
				IPHONEOS_DEPLOYMENT_TARGET = 13.2;
				MTL_ENABLE_DEBUG_INFO = NO;
				MTL_FAST_MATH = YES;
				SDKROOT = iphoneos;
				SWIFT_COMPILATION_MODE = wholemodule;
				SWIFT_OPTIMIZATION_LEVEL = "-O";
				VALIDATE_PRODUCT = YES;
			};
			name = Release;
		};
		C75F3D1F23EB570B00C7B5E5 /* Debug */ = {
			isa = XCBuildConfiguration;
			baseConfigurationReference = 026F7EE1B8230DEBB71B0E1C /* Pods-PeerGC.debug.xcconfig */;
			buildSettings = {
				ASSETCATALOG_COMPILER_APPICON_NAME = AppIcon;
				CODE_SIGN_ENTITLEMENTS = PeerGC/PeerGC.entitlements;
				CODE_SIGN_STYLE = Automatic;
				DEVELOPMENT_TEAM = 32F8FK43RT;
				INFOPLIST_FILE = PeerGC/Info.plist;
				LD_RUNPATH_SEARCH_PATHS = (
					"$(inherited)",
					"@executable_path/Frameworks",
				);
				PRODUCT_BUNDLE_IDENTIFIER = com.ajradik.PeerGC;
				PRODUCT_NAME = "$(TARGET_NAME)";
				SUPPORTS_MACCATALYST = YES;
				SWIFT_VERSION = 5.0;
				TARGETED_DEVICE_FAMILY = "1,2";
			};
			name = Debug;
		};
		C75F3D2023EB570B00C7B5E5 /* Release */ = {
			isa = XCBuildConfiguration;
			baseConfigurationReference = 9FA997A9A3CC68D0F1436207 /* Pods-PeerGC.release.xcconfig */;
			buildSettings = {
				ASSETCATALOG_COMPILER_APPICON_NAME = AppIcon;
				CODE_SIGN_ENTITLEMENTS = PeerGC/PeerGC.entitlements;
				CODE_SIGN_STYLE = Automatic;
				DEVELOPMENT_TEAM = 32F8FK43RT;
				INFOPLIST_FILE = PeerGC/Info.plist;
				LD_RUNPATH_SEARCH_PATHS = (
					"$(inherited)",
					"@executable_path/Frameworks",
				);
				PRODUCT_BUNDLE_IDENTIFIER = com.ajradik.PeerGC;
				PRODUCT_NAME = "$(TARGET_NAME)";
				SUPPORTS_MACCATALYST = YES;
				SWIFT_VERSION = 5.0;
				TARGETED_DEVICE_FAMILY = "1,2";
			};
			name = Release;
		};
		C75F3D2223EB570B00C7B5E5 /* Debug */ = {
			isa = XCBuildConfiguration;
			baseConfigurationReference = CCACDC72E4D562204D92F2CF /* Pods-PeerGCTests.debug.xcconfig */;
			buildSettings = {
				ALWAYS_EMBED_SWIFT_STANDARD_LIBRARIES = YES;
				BUNDLE_LOADER = "$(TEST_HOST)";
				CODE_SIGN_STYLE = Automatic;
				DEVELOPMENT_TEAM = 2557GG3JCA;
				INFOPLIST_FILE = PeerGCTests/Info.plist;
				IPHONEOS_DEPLOYMENT_TARGET = 13.2;
				LD_RUNPATH_SEARCH_PATHS = (
					"$(inherited)",
					"@executable_path/Frameworks",
					"@loader_path/Frameworks",
				);
				PRODUCT_BUNDLE_IDENTIFIER = com.ajradik.PeerGCTests;
				PRODUCT_NAME = "$(TARGET_NAME)";
				SWIFT_VERSION = 5.0;
				TARGETED_DEVICE_FAMILY = "1,2";
				TEST_HOST = "$(BUILT_PRODUCTS_DIR)/PeerGC.app/PeerGC";
			};
			name = Debug;
		};
		C75F3D2323EB570B00C7B5E5 /* Release */ = {
			isa = XCBuildConfiguration;
			baseConfigurationReference = 530E4F3AEB6C3F3F6E89427D /* Pods-PeerGCTests.release.xcconfig */;
			buildSettings = {
				ALWAYS_EMBED_SWIFT_STANDARD_LIBRARIES = YES;
				BUNDLE_LOADER = "$(TEST_HOST)";
				CODE_SIGN_STYLE = Automatic;
				DEVELOPMENT_TEAM = 2557GG3JCA;
				INFOPLIST_FILE = PeerGCTests/Info.plist;
				IPHONEOS_DEPLOYMENT_TARGET = 13.2;
				LD_RUNPATH_SEARCH_PATHS = (
					"$(inherited)",
					"@executable_path/Frameworks",
					"@loader_path/Frameworks",
				);
				PRODUCT_BUNDLE_IDENTIFIER = com.ajradik.PeerGCTests;
				PRODUCT_NAME = "$(TARGET_NAME)";
				SWIFT_VERSION = 5.0;
				TARGETED_DEVICE_FAMILY = "1,2";
				TEST_HOST = "$(BUILT_PRODUCTS_DIR)/PeerGC.app/PeerGC";
			};
			name = Release;
		};
		C75F3D2523EB570B00C7B5E5 /* Debug */ = {
			isa = XCBuildConfiguration;
			baseConfigurationReference = D3F1A39E554B501C0517EF0D /* Pods-PeerGC-PeerGCUITests.debug.xcconfig */;
			buildSettings = {
				ALWAYS_EMBED_SWIFT_STANDARD_LIBRARIES = YES;
				CODE_SIGN_STYLE = Automatic;
				DEVELOPMENT_TEAM = 2557GG3JCA;
				INFOPLIST_FILE = PeerGCUITests/Info.plist;
				LD_RUNPATH_SEARCH_PATHS = (
					"$(inherited)",
					"@executable_path/Frameworks",
					"@loader_path/Frameworks",
				);
				PRODUCT_BUNDLE_IDENTIFIER = com.ajradik.PeerGCUITests;
				PRODUCT_NAME = "$(TARGET_NAME)";
				SWIFT_VERSION = 5.0;
				TARGETED_DEVICE_FAMILY = "1,2";
				TEST_TARGET_NAME = PeerGC;
			};
			name = Debug;
		};
		C75F3D2623EB570B00C7B5E5 /* Release */ = {
			isa = XCBuildConfiguration;
			baseConfigurationReference = C8A392683219D8AC8F84EBF9 /* Pods-PeerGC-PeerGCUITests.release.xcconfig */;
			buildSettings = {
				ALWAYS_EMBED_SWIFT_STANDARD_LIBRARIES = YES;
				CODE_SIGN_STYLE = Automatic;
				DEVELOPMENT_TEAM = 2557GG3JCA;
				INFOPLIST_FILE = PeerGCUITests/Info.plist;
				LD_RUNPATH_SEARCH_PATHS = (
					"$(inherited)",
					"@executable_path/Frameworks",
					"@loader_path/Frameworks",
				);
				PRODUCT_BUNDLE_IDENTIFIER = com.ajradik.PeerGCUITests;
				PRODUCT_NAME = "$(TARGET_NAME)";
				SWIFT_VERSION = 5.0;
				TARGETED_DEVICE_FAMILY = "1,2";
				TEST_TARGET_NAME = PeerGC;
			};
			name = Release;
		};
/* End XCBuildConfiguration section */

/* Begin XCConfigurationList section */
		C75F3CEF23EB570700C7B5E5 /* Build configuration list for PBXProject "PeerGC" */ = {
			isa = XCConfigurationList;
			buildConfigurations = (
				C75F3D1C23EB570B00C7B5E5 /* Debug */,
				C75F3D1D23EB570B00C7B5E5 /* Release */,
			);
			defaultConfigurationIsVisible = 0;
			defaultConfigurationName = Release;
		};
		C75F3D1E23EB570B00C7B5E5 /* Build configuration list for PBXNativeTarget "PeerGC" */ = {
			isa = XCConfigurationList;
			buildConfigurations = (
				C75F3D1F23EB570B00C7B5E5 /* Debug */,
				C75F3D2023EB570B00C7B5E5 /* Release */,
			);
			defaultConfigurationIsVisible = 0;
			defaultConfigurationName = Release;
		};
		C75F3D2123EB570B00C7B5E5 /* Build configuration list for PBXNativeTarget "PeerGCTests" */ = {
			isa = XCConfigurationList;
			buildConfigurations = (
				C75F3D2223EB570B00C7B5E5 /* Debug */,
				C75F3D2323EB570B00C7B5E5 /* Release */,
			);
			defaultConfigurationIsVisible = 0;
			defaultConfigurationName = Release;
		};
		C75F3D2423EB570B00C7B5E5 /* Build configuration list for PBXNativeTarget "PeerGCUITests" */ = {
			isa = XCConfigurationList;
			buildConfigurations = (
				C75F3D2523EB570B00C7B5E5 /* Debug */,
				C75F3D2623EB570B00C7B5E5 /* Release */,
			);
			defaultConfigurationIsVisible = 0;
			defaultConfigurationName = Release;
		};
/* End XCConfigurationList section */
	};
	rootObject = C75F3CEC23EB570700C7B5E5 /* Project object */;
}
